<?xml version="1.0" encoding="utf-8"?>
<Project ToolsVersion="4.0" xmlns="http://schemas.microsoft.com/developer/msbuild/2003">
  <ItemGroup>
    <Filter Include="win32">
      <UniqueIdentifier>{84a8ebd7-7cf0-47f6-b75e-d441df67da40}</UniqueIdentifier>
    </Filter>
    <Filter Include="resource">
      <UniqueIdentifier>{715254bc-d70b-4ec5-bf29-467dd3ace079}</UniqueIdentifier>
    </Filter>
    <Filter Include="src">
      <UniqueIdentifier>{bb6c862e-70e9-49d9-81b7-3829a6f50471}</UniqueIdentifier>
    </Filter>
    <Filter Include="src\utils">
      <UniqueIdentifier>{ddb91c59-d83d-4e81-a963-ce6a794ee45c}</UniqueIdentifier>
    </Filter>
    <Filter Include="src\header_compression">
      <UniqueIdentifier>{be6b8eca-8d3e-4188-ab74-f7a3aacc16d0}</UniqueIdentifier>
    </Filter>
    <Filter Include="src\header_compression\rohc">
      <UniqueIdentifier>{09a9cdab-f04b-4da7-b036-18adad03d587}</UniqueIdentifier>
    </Filter>
    <Filter Include="src\transport_protocols">
      <UniqueIdentifier>{f9f5a93e-0f85-48f6-b9e8-2d6b5133c4e2}</UniqueIdentifier>
    </Filter>
    <Filter Include="src\transport_protocols\tcp">
      <UniqueIdentifier>{3bb8129b-5924-4b72-b708-14d199a63679}</UniqueIdentifier>
    </Filter>
    <Filter Include="src\transport_protocols\sctp">
      <UniqueIdentifier>{1c0b6cdf-ce09-4f0f-99db-96464ed818a9}</UniqueIdentifier>
    </Filter>
    <Filter Include="src\scenes">
      <UniqueIdentifier>{728b8e8f-c34f-457b-b6ea-18e878d7106d}</UniqueIdentifier>
    </Filter>
    <Filter Include="src\controllers">
      <UniqueIdentifier>{37cbbbcc-ae9d-4d81-9517-1576f35566ef}</UniqueIdentifier>
    </Filter>
    <Filter Include="src\layers">
      <UniqueIdentifier>{330bcb8c-c2b3-4bdd-aba4-9106d88ce6d3}</UniqueIdentifier>
    </Filter>
    <Filter Include="src\payload_compression">
      <UniqueIdentifier>{e1984a5f-779c-4354-b061-99b3ccb44340}</UniqueIdentifier>
    </Filter>
    <Filter Include="src\payload_compression\lz4">
      <UniqueIdentifier>{7aafcc1a-f2b4-4ad7-a819-0522eb178b2b}</UniqueIdentifier>
    </Filter>
    <Filter Include="src\payload_compression\huffman">
      <UniqueIdentifier>{e9177fc5-6458-4ee3-9e52-7de5aefd0536}</UniqueIdentifier>
    </Filter>
  </ItemGroup>
  <ItemGroup>
    <ClCompile Include="main.cpp">
      <Filter>win32</Filter>
    </ClCompile>
    <ClCompile Include="..\Classes\AppDelegate.cpp">
      <Filter>src</Filter>
    </ClCompile>
    <ClCompile Include="..\Classes\utils\Timer.cpp">
      <Filter>src\utils</Filter>
    </ClCompile>
    <ClCompile Include="..\Classes\utils\Utils.cpp">
      <Filter>src\utils</Filter>
    </ClCompile>
    <ClCompile Include="..\Classes\utils\VisibleRect.cpp">
      <Filter>src\utils</Filter>
    </ClCompile>
    <ClCompile Include="..\Classes\scenes\ControlPanelScene.cpp">
      <Filter>src\scenes</Filter>
    </ClCompile>
    <ClCompile Include="..\Classes\scenes\MainScene.cpp">
      <Filter>src\scenes</Filter>
    </ClCompile>
    <ClCompile Include="..\Classes\header_compression\rohc\rohc.c">
      <Filter>src\header_compression\rohc</Filter>
    </ClCompile>
    <ClCompile Include="..\Classes\transport_protocols\tcp\39dll.cpp">
      <Filter>src\transport_protocols\tcp</Filter>
    </ClCompile>
    <ClCompile Include="..\Classes\transport_protocols\tcp\buffer.cpp">
      <Filter>src\transport_protocols\tcp</Filter>
    </ClCompile>
    <ClCompile Include="..\Classes\transport_protocols\tcp\list.cpp">
      <Filter>src\transport_protocols\tcp</Filter>
    </ClCompile>
    <ClCompile Include="..\Classes\transport_protocols\tcp\md5.cpp">
      <Filter>src\transport_protocols\tcp</Filter>
    </ClCompile>
    <ClCompile Include="..\Classes\transport_protocols\tcp\socket.cpp">
      <Filter>src\transport_protocols\tcp</Filter>
    </ClCompile>
    <ClCompile Include="..\Classes\transport_protocols\tcp\tools.cpp">
      <Filter>src\transport_protocols\tcp</Filter>
    </ClCompile>
    <ClCompile Include="..\Classes\controllers\PacketController.cpp">
      <Filter>src\controllers</Filter>
    </ClCompile>
    <ClCompile Include="..\Classes\layers\HudLayer.cpp">
      <Filter>src\layers</Filter>
    </ClCompile>
    <ClCompile Include="..\Classes\transport_protocols\sctp\sctp.c">
      <Filter>src\transport_protocols\sctp</Filter>
    </ClCompile>
    <ClCompile Include="..\Classes\payload_compression\lz4\example2.cpp">
      <Filter>src\payload_compression\lz4</Filter>
    </ClCompile>
    <ClCompile Include="..\Classes\payload_compression\lz4\lz4.cpp">
      <Filter>src\payload_compression\lz4</Filter>
    </ClCompile>
    <ClCompile Include="..\Classes\payload_compression\lz4\lz4xx.cpp">
      <Filter>src\payload_compression\lz4</Filter>
    </ClCompile>
    <ClCompile Include="..\Classes\payload_compression\huffman\huffman.cpp">
      <Filter>src\payload_compression\huffman</Filter>
    </ClCompile>
    <ClCompile Include="..\Classes\payload_compression\huffman\HuffmanCompression.cpp">
      <Filter>src\payload_compression\huffman</Filter>
    </ClCompile>
  </ItemGroup>
  <ItemGroup>
    <ClInclude Include="main.h">
      <Filter>win32</Filter>
    </ClInclude>
    <ClInclude Include="..\Classes\AppDelegate.h">
      <Filter>src</Filter>
    </ClInclude>
    <ClInclude Include="..\Classes\utils\Timer.h">
      <Filter>src\utils</Filter>
    </ClInclude>
    <ClInclude Include="..\Classes\utils\Utils.h">
      <Filter>src\utils</Filter>
    </ClInclude>
    <ClInclude Include="..\Classes\utils\VisibleRect.h">
      <Filter>src\utils</Filter>
    </ClInclude>
    <ClInclude Include="..\Classes\scenes\ControlPanelScene.hpp">
      <Filter>src\scenes</Filter>
    </ClInclude>
    <ClInclude Include="..\Classes\scenes\MainScene.h">
      <Filter>src\scenes</Filter>
    </ClInclude>
    <ClInclude Include="..\Classes\transport_protocols\tcp\39dll.h">
      <Filter>src\transport_protocols\tcp</Filter>
    </ClInclude>
    <ClInclude Include="..\Classes\transport_protocols\tcp\buffer.h">
      <Filter>src\transport_protocols\tcp</Filter>
    </ClInclude>
    <ClInclude Include="..\Classes\transport_protocols\tcp\Common.h">
      <Filter>src\transport_protocols\tcp</Filter>
    </ClInclude>
    <ClInclude Include="..\Classes\transport_protocols\tcp\list.h">
      <Filter>src\transport_protocols\tcp</Filter>
    </ClInclude>
    <ClInclude Include="..\Classes\transport_protocols\tcp\socket.h">
      <Filter>src\transport_protocols\tcp</Filter>
    </ClInclude>
    <ClInclude Include="..\Classes\transport_protocols\tcp\tools.h">
      <Filter>src\transport_protocols\tcp</Filter>
    </ClInclude>
    <ClInclude Include="..\Classes\controllers\PacketController.h">
      <Filter>src\controllers</Filter>
    </ClInclude>
    <ClInclude Include="..\Classes\layers\HudLayer.h">
      <Filter>src\layers</Filter>
    </ClInclude>
    <ClInclude Include="..\Classes\payload_compression\lz4\lz4.h">
      <Filter>src\payload_compression\lz4</Filter>
    </ClInclude>
    <ClInclude Include="..\Classes\payload_compression\lz4\lz4xx.h">
      <Filter>src\payload_compression\lz4</Filter>
    </ClInclude>
    <ClInclude Include="..\Classes\payload_compression\huffman\huffman.h">
      <Filter>src\payload_compression\huffman</Filter>
    </ClInclude>
    <ClInclude Include="..\Classes\payload_compression\huffman\HuffmanCompression.hpp">
      <Filter>src\payload_compression\huffman</Filter>
    </ClInclude>
  </ItemGroup>
  <ItemGroup>
    <ResourceCompile Include="game.rc">
      <Filter>resource</Filter>
    </ResourceCompile>
  </ItemGroup>
</Project>