// !$*UTF8*$!
{
	archiveVersion = 1;
	classes = {
	};
	objectVersion = 46;
	objects = {

/* Begin PBXBuildFile section */
		1AC6FB21180E996B004C840B /* libcocos2d Mac.a in Frameworks */ = {isa = PBXBuildFile; fileRef = 1AC6FAF9180E9839004C840B /* libcocos2d Mac.a */; };
		1AC6FB30180E99EB004C840B /* libcocos2d iOS.a in Frameworks */ = {isa = PBXBuildFile; fileRef = 1AC6FB07180E9839004C840B /* libcocos2d iOS.a */; };
		1D60589F0D05DD5A006BFB54 /* Foundation.framework in Frameworks */ = {isa = PBXBuildFile; fileRef = 1D30AB110D05D00D00671497 /* Foundation.framework */; };
		1DF5F4E00D08C38300B7A737 /* UIKit.framework in Frameworks */ = {isa = PBXBuildFile; fileRef = 1DF5F4DF0D08C38300B7A737 /* UIKit.framework */; };
		288765A50DF7441C002DB57D /* CoreGraphics.framework in Frameworks */ = {isa = PBXBuildFile; fileRef = 288765A40DF7441C002DB57D /* CoreGraphics.framework */; };
		294D0D641D0D56D500F7F5D4 /* CoreText.framework in Frameworks */ = {isa = PBXBuildFile; fileRef = 294D0D631D0D56D500F7F5D4 /* CoreText.framework */; };
		3EACC98F19EE6D4300EB3C5E /* res in Resources */ = {isa = PBXBuildFile; fileRef = 3EACC98E19EE6D4300EB3C5E /* res */; };
		3EACC99019EE6D4300EB3C5E /* res in Resources */ = {isa = PBXBuildFile; fileRef = 3EACC98E19EE6D4300EB3C5E /* res */; };
		46880B7B19C43A67006E1F66 /* CloseNormal.png in Resources */ = {isa = PBXBuildFile; fileRef = 46880B7619C43A67006E1F66 /* CloseNormal.png */; };
		46880B7C19C43A67006E1F66 /* CloseNormal.png in Resources */ = {isa = PBXBuildFile; fileRef = 46880B7619C43A67006E1F66 /* CloseNormal.png */; };
		46880B7D19C43A67006E1F66 /* CloseSelected.png in Resources */ = {isa = PBXBuildFile; fileRef = 46880B7719C43A67006E1F66 /* CloseSelected.png */; };
		46880B7E19C43A67006E1F66 /* CloseSelected.png in Resources */ = {isa = PBXBuildFile; fileRef = 46880B7719C43A67006E1F66 /* CloseSelected.png */; };
		46880B8119C43A67006E1F66 /* HelloWorld.png in Resources */ = {isa = PBXBuildFile; fileRef = 46880B7A19C43A67006E1F66 /* HelloWorld.png */; };
		46880B8219C43A67006E1F66 /* HelloWorld.png in Resources */ = {isa = PBXBuildFile; fileRef = 46880B7A19C43A67006E1F66 /* HelloWorld.png */; };
		46880B8819C43A87006E1F66 /* AppDelegate.cpp in Sources */ = {isa = PBXBuildFile; fileRef = 46880B8419C43A87006E1F66 /* AppDelegate.cpp */; };
		46880B8919C43A87006E1F66 /* AppDelegate.cpp in Sources */ = {isa = PBXBuildFile; fileRef = 46880B8419C43A87006E1F66 /* AppDelegate.cpp */; };
		503AE0F817EB97AB00D1A890 /* Icon.icns in Resources */ = {isa = PBXBuildFile; fileRef = 503AE0F617EB97AB00D1A890 /* Icon.icns */; };
		503AE10017EB989F00D1A890 /* AppController.mm in Sources */ = {isa = PBXBuildFile; fileRef = 503AE0FB17EB989F00D1A890 /* AppController.mm */; };
		503AE10117EB989F00D1A890 /* main.m in Sources */ = {isa = PBXBuildFile; fileRef = 503AE0FC17EB989F00D1A890 /* main.m */; };
		503AE10217EB989F00D1A890 /* RootViewController.mm in Sources */ = {isa = PBXBuildFile; fileRef = 503AE0FF17EB989F00D1A890 /* RootViewController.mm */; };
		503AE10517EB98FF00D1A890 /* main.cpp in Sources */ = {isa = PBXBuildFile; fileRef = 503AE10317EB98FF00D1A890 /* main.cpp */; };
		503AE11B17EB9C5A00D1A890 /* IOKit.framework in Frameworks */ = {isa = PBXBuildFile; fileRef = 503AE11A17EB9C5A00D1A890 /* IOKit.framework */; };
		5087E76317EB910900C73F5D /* Foundation.framework in Frameworks */ = {isa = PBXBuildFile; fileRef = 1D30AB110D05D00D00671497 /* Foundation.framework */; };
		5087E76717EB910900C73F5D /* libz.dylib in Frameworks */ = {isa = PBXBuildFile; fileRef = BF170DB412928DE900B8313A /* libz.dylib */; };
		5087E76817EB910900C73F5D /* QuartzCore.framework in Frameworks */ = {isa = PBXBuildFile; fileRef = BF1C47EA1293683800B63C5D /* QuartzCore.framework */; };
		5087E76917EB910900C73F5D /* OpenAL.framework in Frameworks */ = {isa = PBXBuildFile; fileRef = D44C620B132DFF330009C878 /* OpenAL.framework */; };
		5087E76A17EB910900C73F5D /* AVFoundation.framework in Frameworks */ = {isa = PBXBuildFile; fileRef = D44C620D132DFF430009C878 /* AVFoundation.framework */; };
		5087E76B17EB910900C73F5D /* AudioToolbox.framework in Frameworks */ = {isa = PBXBuildFile; fileRef = D44C620F132DFF4E0009C878 /* AudioToolbox.framework */; };
		5087E77D17EB970100C73F5D /* Default-568h@2x.png in Resources */ = {isa = PBXBuildFile; fileRef = 5087E77217EB970100C73F5D /* Default-568h@2x.png */; };
		5087E77E17EB970100C73F5D /* Default.png in Resources */ = {isa = PBXBuildFile; fileRef = 5087E77317EB970100C73F5D /* Default.png */; };
		5087E77F17EB970100C73F5D /* Default@2x.png in Resources */ = {isa = PBXBuildFile; fileRef = 5087E77417EB970100C73F5D /* Default@2x.png */; };
		5087E78017EB970100C73F5D /* Icon-114.png in Resources */ = {isa = PBXBuildFile; fileRef = 5087E77517EB970100C73F5D /* Icon-114.png */; };
		5087E78117EB970100C73F5D /* Icon-120.png in Resources */ = {isa = PBXBuildFile; fileRef = 5087E77617EB970100C73F5D /* Icon-120.png */; };
		5087E78217EB970100C73F5D /* Icon-144.png in Resources */ = {isa = PBXBuildFile; fileRef = 5087E77717EB970100C73F5D /* Icon-144.png */; };
		5087E78317EB970100C73F5D /* Icon-152.png in Resources */ = {isa = PBXBuildFile; fileRef = 5087E77817EB970100C73F5D /* Icon-152.png */; };
		5087E78417EB970100C73F5D /* Icon-57.png in Resources */ = {isa = PBXBuildFile; fileRef = 5087E77917EB970100C73F5D /* Icon-57.png */; };
		5087E78517EB970100C73F5D /* Icon-72.png in Resources */ = {isa = PBXBuildFile; fileRef = 5087E77A17EB970100C73F5D /* Icon-72.png */; };
		5087E78617EB970100C73F5D /* Icon-76.png in Resources */ = {isa = PBXBuildFile; fileRef = 5087E77B17EB970100C73F5D /* Icon-76.png */; };
		5087E78917EB974C00C73F5D /* AppKit.framework in Frameworks */ = {isa = PBXBuildFile; fileRef = 5087E78817EB974C00C73F5D /* AppKit.framework */; };
		5087E78B17EB975400C73F5D /* OpenGL.framework in Frameworks */ = {isa = PBXBuildFile; fileRef = 5087E78A17EB975400C73F5D /* OpenGL.framework */; };
		50EF629617ECD46A001EB2F8 /* Icon-40.png in Resources */ = {isa = PBXBuildFile; fileRef = 50EF629217ECD46A001EB2F8 /* Icon-40.png */; };
		50EF629717ECD46A001EB2F8 /* Icon-58.png in Resources */ = {isa = PBXBuildFile; fileRef = 50EF629317ECD46A001EB2F8 /* Icon-58.png */; };
		50EF629817ECD46A001EB2F8 /* Icon-80.png in Resources */ = {isa = PBXBuildFile; fileRef = 50EF629417ECD46A001EB2F8 /* Icon-80.png */; };
		50EF629917ECD46A001EB2F8 /* Icon-100.png in Resources */ = {isa = PBXBuildFile; fileRef = 50EF629517ECD46A001EB2F8 /* Icon-100.png */; };
		50EF62A217ECD613001EB2F8 /* Icon-29.png in Resources */ = {isa = PBXBuildFile; fileRef = 50EF62A017ECD613001EB2F8 /* Icon-29.png */; };
		50EF62A317ECD613001EB2F8 /* Icon-50.png in Resources */ = {isa = PBXBuildFile; fileRef = 50EF62A117ECD613001EB2F8 /* Icon-50.png */; };
		521A8E6419F0C34300D177D7 /* Default-667h@2x.png in Resources */ = {isa = PBXBuildFile; fileRef = 521A8E6219F0C34300D177D7 /* Default-667h@2x.png */; };
		521A8E6519F0C34300D177D7 /* Default-736h@3x.png in Resources */ = {isa = PBXBuildFile; fileRef = 521A8E6319F0C34300D177D7 /* Default-736h@3x.png */; };
		521A8EA919F11F5000D177D7 /* fonts in Resources */ = {isa = PBXBuildFile; fileRef = 521A8EA819F11F5000D177D7 /* fonts */; };
		521A8EAA19F11F5000D177D7 /* fonts in Resources */ = {isa = PBXBuildFile; fileRef = 521A8EA819F11F5000D177D7 /* fonts */; };
		52B47A471A53D09C004E4C60 /* Security.framework in Frameworks */ = {isa = PBXBuildFile; fileRef = 52B47A461A53D09B004E4C60 /* Security.framework */; };
		570797141E2C044900E450FC /* lz4_input_stream.cpp in Sources */ = {isa = PBXBuildFile; fileRef = 5707970B1E2C044900E450FC /* lz4_input_stream.cpp */; };
		570797161E2C044900E450FC /* lz4_output_stream.cpp in Sources */ = {isa = PBXBuildFile; fileRef = 5707970C1E2C044900E450FC /* lz4_output_stream.cpp */; };
		57568A721E2FD65F00B2BD4F /* RohcCompression.cpp in Sources */ = {isa = PBXBuildFile; fileRef = 57568A701E2FD65F00B2BD4F /* RohcCompression.cpp */; };
		57568A741E2FDEBF00B2BD4F /* RohcCompression.cpp in Sources */ = {isa = PBXBuildFile; fileRef = 57568A701E2FD65F00B2BD4F /* RohcCompression.cpp */; };
		576C3F411E25B44800D03ECB /* Huffman.cpp in Sources */ = {isa = PBXBuildFile; fileRef = 576C3F3F1E25B44800D03ECB /* Huffman.cpp */; };
		576C3F421E25B46800D03ECB /* Huffman.cpp in Sources */ = {isa = PBXBuildFile; fileRef = 576C3F3F1E25B44800D03ECB /* Huffman.cpp */; };
		576C3F441E25B53900D03ECB /* sctp.c in Sources */ = {isa = PBXBuildFile; fileRef = 576C3F431E25B53900D03ECB /* sctp.c */; };
		576C3F451E25B57800D03ECB /* sctp.c in Sources */ = {isa = PBXBuildFile; fileRef = 576C3F431E25B53900D03ECB /* sctp.c */; };
		5775A82F1E2E97B2001C5BC7 /* SimdCompression.cpp in Sources */ = {isa = PBXBuildFile; fileRef = 5775A82D1E2E97B2001C5BC7 /* SimdCompression.cpp */; };
		5775A8321E2E97D7001C5BC7 /* Lz4Compression.cpp in Sources */ = {isa = PBXBuildFile; fileRef = 5775A8301E2E97D7001C5BC7 /* Lz4Compression.cpp */; };
		5775A8331E2E998F001C5BC7 /* Lz4Compression.cpp in Sources */ = {isa = PBXBuildFile; fileRef = 5775A8301E2E97D7001C5BC7 /* Lz4Compression.cpp */; };
		5775A8341E2E998F001C5BC7 /* SimdCompression.cpp in Sources */ = {isa = PBXBuildFile; fileRef = 5775A82D1E2E97B2001C5BC7 /* SimdCompression.cpp */; };
		5775A8351E2E9A5C001C5BC7 /* lz4_input_stream.cpp in Sources */ = {isa = PBXBuildFile; fileRef = 5707970B1E2C044900E450FC /* lz4_input_stream.cpp */; };
		5775A8361E2E9A5C001C5BC7 /* lz4_output_stream.cpp in Sources */ = {isa = PBXBuildFile; fileRef = 5707970C1E2C044900E450FC /* lz4_output_stream.cpp */; };
		57AA27641E21671100895B24 /* Timer.cpp in Sources */ = {isa = PBXBuildFile; fileRef = 57AA275E1E21671100895B24 /* Timer.cpp */; };
		57AA27651E21671100895B24 /* Utils.cpp in Sources */ = {isa = PBXBuildFile; fileRef = 57AA27601E21671100895B24 /* Utils.cpp */; };
		57AA27661E21671100895B24 /* VisibleRect.cpp in Sources */ = {isa = PBXBuildFile; fileRef = 57AA27621E21671100895B24 /* VisibleRect.cpp */; };
		57AA276C1E21690A00895B24 /* Timer.cpp in Sources */ = {isa = PBXBuildFile; fileRef = 57AA275E1E21671100895B24 /* Timer.cpp */; };
		57AA276E1E21690A00895B24 /* Utils.cpp in Sources */ = {isa = PBXBuildFile; fileRef = 57AA27601E21671100895B24 /* Utils.cpp */; };
		57AA27701E21690A00895B24 /* VisibleRect.cpp in Sources */ = {isa = PBXBuildFile; fileRef = 57AA27621E21671100895B24 /* VisibleRect.cpp */; };
		57AA27791E217F0300895B24 /* Settings.txt in Resources */ = {isa = PBXBuildFile; fileRef = 57AA27781E217F0300895B24 /* Settings.txt */; };
		57AA277A1E217F0300895B24 /* Settings.txt in Resources */ = {isa = PBXBuildFile; fileRef = 57AA27781E217F0300895B24 /* Settings.txt */; };
		57AA28081E22A11B00895B24 /* ControlPanelScene.cpp in Sources */ = {isa = PBXBuildFile; fileRef = 57AA28061E22A11B00895B24 /* ControlPanelScene.cpp */; };
		57AA28091E22A11B00895B24 /* ControlPanelScene.cpp in Sources */ = {isa = PBXBuildFile; fileRef = 57AA28061E22A11B00895B24 /* ControlPanelScene.cpp */; };
		57AA280F1E22A96A00895B24 /* cocosui in Resources */ = {isa = PBXBuildFile; fileRef = 57AA280E1E22A96A00895B24 /* cocosui */; };
		57AA28101E22A96A00895B24 /* cocosui in Resources */ = {isa = PBXBuildFile; fileRef = 57AA280E1E22A96A00895B24 /* cocosui */; };
		57AA28291E22F9AB00895B24 /* 39dll.cpp in Sources */ = {isa = PBXBuildFile; fileRef = 57AA281D1E22F9AB00895B24 /* 39dll.cpp */; };
		57AA282A1E22F9AB00895B24 /* buffer.cpp in Sources */ = {isa = PBXBuildFile; fileRef = 57AA281F1E22F9AB00895B24 /* buffer.cpp */; };
		57AA282B1E22F9AB00895B24 /* list.cpp in Sources */ = {isa = PBXBuildFile; fileRef = 57AA28221E22F9AB00895B24 /* list.cpp */; };
		57AA282C1E22F9AB00895B24 /* md5.cpp in Sources */ = {isa = PBXBuildFile; fileRef = 57AA28241E22F9AB00895B24 /* md5.cpp */; };
		57AA282D1E22F9AB00895B24 /* socket.cpp in Sources */ = {isa = PBXBuildFile; fileRef = 57AA28251E22F9AB00895B24 /* socket.cpp */; };
		57AA282E1E22F9AB00895B24 /* tools.cpp in Sources */ = {isa = PBXBuildFile; fileRef = 57AA28271E22F9AB00895B24 /* tools.cpp */; };
		57C011931E242360006E6C4E /* PacketController.cpp in Sources */ = {isa = PBXBuildFile; fileRef = 57C011911E242360006E6C4E /* PacketController.cpp */; };
		57C011961E24236F006E6C4E /* HudLayer.cpp in Sources */ = {isa = PBXBuildFile; fileRef = 57C011941E24236F006E6C4E /* HudLayer.cpp */; };
		57C011971E2427C2006E6C4E /* PacketController.cpp in Sources */ = {isa = PBXBuildFile; fileRef = 57C011911E242360006E6C4E /* PacketController.cpp */; };
		57C011981E2427EC006E6C4E /* 39dll.cpp in Sources */ = {isa = PBXBuildFile; fileRef = 57AA281D1E22F9AB00895B24 /* 39dll.cpp */; };
		57C011991E2427EC006E6C4E /* buffer.cpp in Sources */ = {isa = PBXBuildFile; fileRef = 57AA281F1E22F9AB00895B24 /* buffer.cpp */; };
		57C0119A1E2427EC006E6C4E /* list.cpp in Sources */ = {isa = PBXBuildFile; fileRef = 57AA28221E22F9AB00895B24 /* list.cpp */; };
		57C0119B1E2427EC006E6C4E /* md5.cpp in Sources */ = {isa = PBXBuildFile; fileRef = 57AA28241E22F9AB00895B24 /* md5.cpp */; };
		57C0119C1E2427EC006E6C4E /* socket.cpp in Sources */ = {isa = PBXBuildFile; fileRef = 57AA28251E22F9AB00895B24 /* socket.cpp */; };
		57C0119D1E2427EC006E6C4E /* tools.cpp in Sources */ = {isa = PBXBuildFile; fileRef = 57AA28271E22F9AB00895B24 /* tools.cpp */; };
		57CFFDE71E2EB6C2005C0751 /* lz4.c in Sources */ = {isa = PBXBuildFile; fileRef = 57CFFDDE1E2EB6C2005C0751 /* lz4.c */; };
		57CFFDE81E2EB6C2005C0751 /* lz4frame.c in Sources */ = {isa = PBXBuildFile; fileRef = 57CFFDE11E2EB6C2005C0751 /* lz4frame.c */; };
		57CFFDE91E2EB6C2005C0751 /* lz4hc.c in Sources */ = {isa = PBXBuildFile; fileRef = 57CFFDE21E2EB6C2005C0751 /* lz4hc.c */; };
		57CFFDEA1E2EB6C2005C0751 /* xxhash.c in Sources */ = {isa = PBXBuildFile; fileRef = 57CFFDE51E2EB6C2005C0751 /* xxhash.c */; };
		57CFFDEC1E2EB6D9005C0751 /* lz4.c in Sources */ = {isa = PBXBuildFile; fileRef = 57CFFDDE1E2EB6C2005C0751 /* lz4.c */; };
		57CFFDED1E2EB6D9005C0751 /* lz4frame.c in Sources */ = {isa = PBXBuildFile; fileRef = 57CFFDE11E2EB6C2005C0751 /* lz4frame.c */; };
		57CFFDEE1E2EB6D9005C0751 /* lz4hc.c in Sources */ = {isa = PBXBuildFile; fileRef = 57CFFDE21E2EB6C2005C0751 /* lz4hc.c */; };
		57CFFDEF1E2EB6D9005C0751 /* xxhash.c in Sources */ = {isa = PBXBuildFile; fileRef = 57CFFDE51E2EB6C2005C0751 /* xxhash.c */; };
		57EA9DBC1E298473006B3928 /* HuffmanCompression.cpp in Sources */ = {isa = PBXBuildFile; fileRef = 57EA9DBA1E298472006B3928 /* HuffmanCompression.cpp */; };
		57EA9DBD1E298473006B3928 /* HuffmanCompression.cpp in Sources */ = {isa = PBXBuildFile; fileRef = 57EA9DBA1E298472006B3928 /* HuffmanCompression.cpp */; };
		8262943E1AAF051F00CB7CF7 /* Security.framework in Frameworks */ = {isa = PBXBuildFile; fileRef = 8262943D1AAF051F00CB7CF7 /* Security.framework */; };
		BF171245129291EC00B8313A /* OpenGLES.framework in Frameworks */ = {isa = PBXBuildFile; fileRef = BF170DB012928DE900B8313A /* OpenGLES.framework */; };
		BF1712471292920000B8313A /* libz.dylib in Frameworks */ = {isa = PBXBuildFile; fileRef = BF170DB412928DE900B8313A /* libz.dylib */; };
		BF1C47F01293687400B63C5D /* QuartzCore.framework in Frameworks */ = {isa = PBXBuildFile; fileRef = BF1C47EA1293683800B63C5D /* QuartzCore.framework */; };
		D44C620C132DFF330009C878 /* OpenAL.framework in Frameworks */ = {isa = PBXBuildFile; fileRef = D44C620B132DFF330009C878 /* OpenAL.framework */; };
		D44C620E132DFF430009C878 /* AVFoundation.framework in Frameworks */ = {isa = PBXBuildFile; fileRef = D44C620D132DFF430009C878 /* AVFoundation.framework */; };
		D44C6210132DFF4E0009C878 /* AudioToolbox.framework in Frameworks */ = {isa = PBXBuildFile; fileRef = D44C620F132DFF4E0009C878 /* AudioToolbox.framework */; };
		D6B0611B1803AB670077942B /* CoreMotion.framework in Frameworks */ = {isa = PBXBuildFile; fileRef = D6B0611A1803AB670077942B /* CoreMotion.framework */; };
		ED545A7C1B68A1F400C3958E /* libiconv.dylib in Frameworks */ = {isa = PBXBuildFile; fileRef = ED545A7B1B68A1F400C3958E /* libiconv.dylib */; };
		ED545A7E1B68A1FA00C3958E /* libiconv.dylib in Frameworks */ = {isa = PBXBuildFile; fileRef = ED545A7D1B68A1FA00C3958E /* libiconv.dylib */; };
/* End PBXBuildFile section */

/* Begin PBXContainerItemProxy section */
		1AC6FAF8180E9839004C840B /* PBXContainerItemProxy */ = {
			isa = PBXContainerItemProxy;
			containerPortal = 1AC6FAE5180E9839004C840B /* cocos2d_libs.xcodeproj */;
			proxyType = 2;
			remoteGlobalIDString = 1551A33F158F2AB200E66CFE;
			remoteInfo = "cocos2dx Mac";
		};
		1AC6FB06180E9839004C840B /* PBXContainerItemProxy */ = {
			isa = PBXContainerItemProxy;
			containerPortal = 1AC6FAE5180E9839004C840B /* cocos2d_libs.xcodeproj */;
			proxyType = 2;
			remoteGlobalIDString = A07A4D641783777C0073F6A7;
			remoteInfo = "cocos2dx iOS";
		};
		1AC6FB15180E9959004C840B /* PBXContainerItemProxy */ = {
			isa = PBXContainerItemProxy;
			containerPortal = 1AC6FAE5180E9839004C840B /* cocos2d_libs.xcodeproj */;
			proxyType = 1;
			remoteGlobalIDString = 1551A33E158F2AB200E66CFE;
			remoteInfo = "cocos2dx Mac";
		};
		1AC6FB24180E99E1004C840B /* PBXContainerItemProxy */ = {
			isa = PBXContainerItemProxy;
			containerPortal = 1AC6FAE5180E9839004C840B /* cocos2d_libs.xcodeproj */;
			proxyType = 1;
			remoteGlobalIDString = A07A4C241783777C0073F6A7;
			remoteInfo = "cocos2dx iOS";
		};
		57AA27521E2133D400895B24 /* PBXContainerItemProxy */ = {
			isa = PBXContainerItemProxy;
			containerPortal = 1AC6FAE5180E9839004C840B /* cocos2d_libs.xcodeproj */;
			proxyType = 2;
			remoteGlobalIDString = 507B40FD1C31BDD30067B53E;
			remoteInfo = "libcocos2d tvOS";
		};
/* End PBXContainerItemProxy section */

/* Begin PBXFileReference section */
		1AC6FAE5180E9839004C840B /* cocos2d_libs.xcodeproj */ = {isa = PBXFileReference; lastKnownFileType = "wrapper.pb-project"; name = cocos2d_libs.xcodeproj; path = ../cocos2d/build/cocos2d_libs.xcodeproj; sourceTree = "<group>"; };
		1ACB3243164770DE00914215 /* libcurl.a */ = {isa = PBXFileReference; lastKnownFileType = archive.ar; name = libcurl.a; path = ../../cocos2dx/platform/third_party/ios/libraries/libcurl.a; sourceTree = "<group>"; };
		1D30AB110D05D00D00671497 /* Foundation.framework */ = {isa = PBXFileReference; lastKnownFileType = wrapper.framework; name = Foundation.framework; path = System/Library/Frameworks/Foundation.framework; sourceTree = SDKROOT; };
		1D6058910D05DD3D006BFB54 /* GameTrafficOptimization-mobile.app */ = {isa = PBXFileReference; explicitFileType = wrapper.application; includeInIndex = 0; path = "GameTrafficOptimization-mobile.app"; sourceTree = BUILT_PRODUCTS_DIR; };
		1DF5F4DF0D08C38300B7A737 /* UIKit.framework */ = {isa = PBXFileReference; lastKnownFileType = wrapper.framework; name = UIKit.framework; path = System/Library/Frameworks/UIKit.framework; sourceTree = SDKROOT; };
		288765A40DF7441C002DB57D /* CoreGraphics.framework */ = {isa = PBXFileReference; lastKnownFileType = wrapper.framework; name = CoreGraphics.framework; path = System/Library/Frameworks/CoreGraphics.framework; sourceTree = SDKROOT; };
		294D0D631D0D56D500F7F5D4 /* CoreText.framework */ = {isa = PBXFileReference; lastKnownFileType = wrapper.framework; name = CoreText.framework; path = Platforms/iPhoneOS.platform/Developer/SDKs/iPhoneOS9.3.sdk/System/Library/Frameworks/CoreText.framework; sourceTree = DEVELOPER_DIR; };
		3EACC98E19EE6D4300EB3C5E /* res */ = {isa = PBXFileReference; lastKnownFileType = folder; path = res; sourceTree = "<group>"; };
		46880B7619C43A67006E1F66 /* CloseNormal.png */ = {isa = PBXFileReference; lastKnownFileType = image.png; path = CloseNormal.png; sourceTree = "<group>"; };
		46880B7719C43A67006E1F66 /* CloseSelected.png */ = {isa = PBXFileReference; lastKnownFileType = image.png; path = CloseSelected.png; sourceTree = "<group>"; };
		46880B7A19C43A67006E1F66 /* HelloWorld.png */ = {isa = PBXFileReference; lastKnownFileType = image.png; path = HelloWorld.png; sourceTree = "<group>"; };
		46880B8419C43A87006E1F66 /* AppDelegate.cpp */ = {isa = PBXFileReference; fileEncoding = 4; lastKnownFileType = sourcecode.cpp.cpp; path = AppDelegate.cpp; sourceTree = "<group>"; };
		46880B8519C43A87006E1F66 /* AppDelegate.h */ = {isa = PBXFileReference; fileEncoding = 4; lastKnownFileType = sourcecode.c.h; path = AppDelegate.h; sourceTree = "<group>"; };
		503AE0F617EB97AB00D1A890 /* Icon.icns */ = {isa = PBXFileReference; lastKnownFileType = image.icns; path = Icon.icns; sourceTree = "<group>"; };
		503AE0F717EB97AB00D1A890 /* Info.plist */ = {isa = PBXFileReference; fileEncoding = 4; lastKnownFileType = text.plist.xml; path = Info.plist; sourceTree = "<group>"; };
		503AE0FA17EB989F00D1A890 /* AppController.h */ = {isa = PBXFileReference; fileEncoding = 4; lastKnownFileType = sourcecode.c.h; name = AppController.h; path = ios/AppController.h; sourceTree = SOURCE_ROOT; };
		503AE0FB17EB989F00D1A890 /* AppController.mm */ = {isa = PBXFileReference; fileEncoding = 4; lastKnownFileType = sourcecode.cpp.objcpp; name = AppController.mm; path = ios/AppController.mm; sourceTree = SOURCE_ROOT; };
		503AE0FC17EB989F00D1A890 /* main.m */ = {isa = PBXFileReference; fileEncoding = 4; lastKnownFileType = sourcecode.c.objc; name = main.m; path = ios/main.m; sourceTree = SOURCE_ROOT; };
		503AE0FD17EB989F00D1A890 /* Prefix.pch */ = {isa = PBXFileReference; fileEncoding = 4; lastKnownFileType = sourcecode.c.h; name = Prefix.pch; path = ios/Prefix.pch; sourceTree = SOURCE_ROOT; };
		503AE0FE17EB989F00D1A890 /* RootViewController.h */ = {isa = PBXFileReference; fileEncoding = 4; lastKnownFileType = sourcecode.c.h; name = RootViewController.h; path = ios/RootViewController.h; sourceTree = SOURCE_ROOT; };
		503AE0FF17EB989F00D1A890 /* RootViewController.mm */ = {isa = PBXFileReference; fileEncoding = 4; lastKnownFileType = sourcecode.cpp.objcpp; name = RootViewController.mm; path = ios/RootViewController.mm; sourceTree = SOURCE_ROOT; };
		503AE10317EB98FF00D1A890 /* main.cpp */ = {isa = PBXFileReference; fileEncoding = 4; lastKnownFileType = sourcecode.cpp.cpp; name = main.cpp; path = mac/main.cpp; sourceTree = "<group>"; };
		503AE10417EB98FF00D1A890 /* Prefix.pch */ = {isa = PBXFileReference; fileEncoding = 4; lastKnownFileType = sourcecode.c.h; name = Prefix.pch; path = mac/Prefix.pch; sourceTree = "<group>"; };
		503AE11117EB99EE00D1A890 /* libcurl.dylib */ = {isa = PBXFileReference; lastKnownFileType = "compiled.mach-o.dylib"; name = libcurl.dylib; path = usr/lib/libcurl.dylib; sourceTree = SDKROOT; };
		503AE11A17EB9C5A00D1A890 /* IOKit.framework */ = {isa = PBXFileReference; lastKnownFileType = wrapper.framework; name = IOKit.framework; path = System/Library/Frameworks/IOKit.framework; sourceTree = SDKROOT; };
		5087E76F17EB910900C73F5D /* GameTrafficOptimization-desktop.app */ = {isa = PBXFileReference; explicitFileType = wrapper.application; includeInIndex = 0; path = "GameTrafficOptimization-desktop.app"; sourceTree = BUILT_PRODUCTS_DIR; };
		5087E77217EB970100C73F5D /* Default-568h@2x.png */ = {isa = PBXFileReference; lastKnownFileType = image.png; path = "Default-568h@2x.png"; sourceTree = "<group>"; };
		5087E77317EB970100C73F5D /* Default.png */ = {isa = PBXFileReference; lastKnownFileType = image.png; path = Default.png; sourceTree = "<group>"; };
		5087E77417EB970100C73F5D /* Default@2x.png */ = {isa = PBXFileReference; lastKnownFileType = image.png; path = "Default@2x.png"; sourceTree = "<group>"; };
		5087E77517EB970100C73F5D /* Icon-114.png */ = {isa = PBXFileReference; lastKnownFileType = image.png; path = "Icon-114.png"; sourceTree = "<group>"; };
		5087E77617EB970100C73F5D /* Icon-120.png */ = {isa = PBXFileReference; lastKnownFileType = image.png; path = "Icon-120.png"; sourceTree = "<group>"; };
		5087E77717EB970100C73F5D /* Icon-144.png */ = {isa = PBXFileReference; lastKnownFileType = image.png; path = "Icon-144.png"; sourceTree = "<group>"; };
		5087E77817EB970100C73F5D /* Icon-152.png */ = {isa = PBXFileReference; lastKnownFileType = image.png; path = "Icon-152.png"; sourceTree = "<group>"; };
		5087E77917EB970100C73F5D /* Icon-57.png */ = {isa = PBXFileReference; lastKnownFileType = image.png; path = "Icon-57.png"; sourceTree = "<group>"; };
		5087E77A17EB970100C73F5D /* Icon-72.png */ = {isa = PBXFileReference; lastKnownFileType = image.png; path = "Icon-72.png"; sourceTree = "<group>"; };
		5087E77B17EB970100C73F5D /* Icon-76.png */ = {isa = PBXFileReference; lastKnownFileType = image.png; path = "Icon-76.png"; sourceTree = "<group>"; };
		5087E77C17EB970100C73F5D /* Info.plist */ = {isa = PBXFileReference; fileEncoding = 4; lastKnownFileType = text.plist.xml; path = Info.plist; sourceTree = "<group>"; };
		5087E78817EB974C00C73F5D /* AppKit.framework */ = {isa = PBXFileReference; lastKnownFileType = wrapper.framework; name = AppKit.framework; path = System/Library/Frameworks/AppKit.framework; sourceTree = SDKROOT; };
		5087E78A17EB975400C73F5D /* OpenGL.framework */ = {isa = PBXFileReference; lastKnownFileType = wrapper.framework; name = OpenGL.framework; path = System/Library/Frameworks/OpenGL.framework; sourceTree = SDKROOT; };
		50EF629217ECD46A001EB2F8 /* Icon-40.png */ = {isa = PBXFileReference; lastKnownFileType = image.png; path = "Icon-40.png"; sourceTree = "<group>"; };
		50EF629317ECD46A001EB2F8 /* Icon-58.png */ = {isa = PBXFileReference; lastKnownFileType = image.png; path = "Icon-58.png"; sourceTree = "<group>"; };
		50EF629417ECD46A001EB2F8 /* Icon-80.png */ = {isa = PBXFileReference; lastKnownFileType = image.png; path = "Icon-80.png"; sourceTree = "<group>"; };
		50EF629517ECD46A001EB2F8 /* Icon-100.png */ = {isa = PBXFileReference; lastKnownFileType = image.png; path = "Icon-100.png"; sourceTree = "<group>"; };
		50EF62A017ECD613001EB2F8 /* Icon-29.png */ = {isa = PBXFileReference; lastKnownFileType = image.png; path = "Icon-29.png"; sourceTree = "<group>"; };
		50EF62A117ECD613001EB2F8 /* Icon-50.png */ = {isa = PBXFileReference; lastKnownFileType = image.png; path = "Icon-50.png"; sourceTree = "<group>"; };
		521A8E6219F0C34300D177D7 /* Default-667h@2x.png */ = {isa = PBXFileReference; lastKnownFileType = image.png; path = "Default-667h@2x.png"; sourceTree = "<group>"; };
		521A8E6319F0C34300D177D7 /* Default-736h@3x.png */ = {isa = PBXFileReference; lastKnownFileType = image.png; path = "Default-736h@3x.png"; sourceTree = "<group>"; };
		521A8EA819F11F5000D177D7 /* fonts */ = {isa = PBXFileReference; lastKnownFileType = folder; path = fonts; sourceTree = "<group>"; };
		52B47A461A53D09B004E4C60 /* Security.framework */ = {isa = PBXFileReference; lastKnownFileType = wrapper.framework; name = Security.framework; path = Platforms/iPhoneOS.platform/Developer/SDKs/iPhoneOS8.1.sdk/System/Library/Frameworks/Security.framework; sourceTree = DEVELOPER_DIR; };
		570796FB1E2C024900E450FC /* lz4frame.h */ = {isa = PBXFileReference; fileEncoding = 4; lastKnownFileType = sourcecode.c.h; name = lz4frame.h; path = payload_compression/lz4stream/lib/lz4frame.h; sourceTree = "<group>"; };
		5707970B1E2C044900E450FC /* lz4_input_stream.cpp */ = {isa = PBXFileReference; fileEncoding = 4; lastKnownFileType = sourcecode.cpp.cpp; name = lz4_input_stream.cpp; path = payload_compression/lz4stream/lz4_input_stream.cpp; sourceTree = "<group>"; };
		5707970C1E2C044900E450FC /* lz4_output_stream.cpp */ = {isa = PBXFileReference; fileEncoding = 4; lastKnownFileType = sourcecode.cpp.cpp; name = lz4_output_stream.cpp; path = payload_compression/lz4stream/lz4_output_stream.cpp; sourceTree = "<group>"; };
		5707970E1E2C044900E450FC /* lz4_stream.h */ = {isa = PBXFileReference; fileEncoding = 4; lastKnownFileType = sourcecode.c.h; name = lz4_stream.h; path = payload_compression/lz4stream/lz4_stream.h; sourceTree = "<group>"; };
		57568A701E2FD65F00B2BD4F /* RohcCompression.cpp */ = {isa = PBXFileReference; fileEncoding = 4; lastKnownFileType = sourcecode.cpp.cpp; name = RohcCompression.cpp; path = header_compression/rohc/RohcCompression.cpp; sourceTree = "<group>"; };
		57568A711E2FD65F00B2BD4F /* RohcCompression.hpp */ = {isa = PBXFileReference; fileEncoding = 4; lastKnownFileType = sourcecode.cpp.h; name = RohcCompression.hpp; path = header_compression/rohc/RohcCompression.hpp; sourceTree = "<group>"; };
		576C3F061E25930400D03ECB /* bitpacking.o */ = {isa = PBXFileReference; lastKnownFileType = "compiled.mach-o.objfile"; name = bitpacking.o; path = ../Classes/payload_compression/simdcpp/libs/bitpacking.o; sourceTree = "<group>"; };
		576C3F071E25930400D03ECB /* for.o */ = {isa = PBXFileReference; lastKnownFileType = "compiled.mach-o.objfile"; name = for.o; path = ../Classes/payload_compression/simdcpp/libs/for.o; sourceTree = "<group>"; };
		576C3F081E25930400D03ECB /* frameofreference.o */ = {isa = PBXFileReference; lastKnownFileType = "compiled.mach-o.objfile"; name = frameofreference.o; path = ../Classes/payload_compression/simdcpp/libs/frameofreference.o; sourceTree = "<group>"; };
		576C3F091E25930400D03ECB /* integratedbitpacking.o */ = {isa = PBXFileReference; lastKnownFileType = "compiled.mach-o.objfile"; name = integratedbitpacking.o; path = ../Classes/payload_compression/simdcpp/libs/integratedbitpacking.o; sourceTree = "<group>"; };
		576C3F0A1E25930400D03ECB /* intersection.o */ = {isa = PBXFileReference; lastKnownFileType = "compiled.mach-o.objfile"; name = intersection.o; path = ../Classes/payload_compression/simdcpp/libs/intersection.o; sourceTree = "<group>"; };
		576C3F0B1E25930400D03ECB /* simdbitpacking.o */ = {isa = PBXFileReference; lastKnownFileType = "compiled.mach-o.objfile"; name = simdbitpacking.o; path = ../Classes/payload_compression/simdcpp/libs/simdbitpacking.o; sourceTree = "<group>"; };
		576C3F0C1E25930400D03ECB /* simdintegratedbitpacking.o */ = {isa = PBXFileReference; lastKnownFileType = "compiled.mach-o.objfile"; name = simdintegratedbitpacking.o; path = ../Classes/payload_compression/simdcpp/libs/simdintegratedbitpacking.o; sourceTree = "<group>"; };
		576C3F0D1E25930400D03ECB /* simdpackedsearch.o */ = {isa = PBXFileReference; lastKnownFileType = "compiled.mach-o.objfile"; name = simdpackedsearch.o; path = ../Classes/payload_compression/simdcpp/libs/simdpackedsearch.o; sourceTree = "<group>"; };
		576C3F0E1E25930400D03ECB /* simdpackedselect.o */ = {isa = PBXFileReference; lastKnownFileType = "compiled.mach-o.objfile"; name = simdpackedselect.o; path = ../Classes/payload_compression/simdcpp/libs/simdpackedselect.o; sourceTree = "<group>"; };
		576C3F0F1E25930400D03ECB /* streamvbyte.o */ = {isa = PBXFileReference; lastKnownFileType = "compiled.mach-o.objfile"; name = streamvbyte.o; path = ../Classes/payload_compression/simdcpp/libs/streamvbyte.o; sourceTree = "<group>"; };
		576C3F101E25930400D03ECB /* usimdbitpacking.o */ = {isa = PBXFileReference; lastKnownFileType = "compiled.mach-o.objfile"; name = usimdbitpacking.o; path = ../Classes/payload_compression/simdcpp/libs/usimdbitpacking.o; sourceTree = "<group>"; };
		576C3F111E25930400D03ECB /* varintdecode.o */ = {isa = PBXFileReference; lastKnownFileType = "compiled.mach-o.objfile"; name = varintdecode.o; path = ../Classes/payload_compression/simdcpp/libs/varintdecode.o; sourceTree = "<group>"; };
		576C3F1E1E25977F00D03ECB /* libsimd.a */ = {isa = PBXFileReference; lastKnownFileType = archive.ar; name = libsimd.a; path = ../Classes/payload_compression/simdcpp/libs/libsimd.a; sourceTree = "<group>"; };
		576C3F201E259AC900D03ECB /* libSIMDCompressionAndIntersection.a */ = {isa = PBXFileReference; lastKnownFileType = archive.ar; name = libSIMDCompressionAndIntersection.a; path = ../../SIMDCompressionAndIntersection/libSIMDCompressionAndIntersection.a; sourceTree = "<group>"; };
		576C3F241E259E3A00D03ECB /* libSIMDCompressionAndIntersection.a */ = {isa = PBXFileReference; lastKnownFileType = archive.ar; name = libSIMDCompressionAndIntersection.a; path = ../Classes/payload_compression/simdcpp/libs/libSIMDCompressionAndIntersection.a; sourceTree = "<group>"; };
		576C3F271E25A17700D03ECB /* libsimdcomp.so.0.0.3 */ = {isa = PBXFileReference; lastKnownFileType = "compiled.mach-o.dylib"; name = libsimdcomp.so.0.0.3; path = ../../../../../usr/local/lib/libsimdcomp.so.0.0.3; sourceTree = "<group>"; };
		576C3F341E25AEC600D03ECB /* libsimdcomp.so.0.0.3 */ = {isa = PBXFileReference; lastKnownFileType = "compiled.mach-o.dylib"; name = libsimdcomp.so.0.0.3; path = ../Classes/payload_compression/simd/lib/libsimdcomp.so.0.0.3; sourceTree = "<group>"; };
		576C3F361E25AF3200D03ECB /* libsimdcomp.so */ = {isa = PBXFileReference; lastKnownFileType = "compiled.mach-o.dylib"; name = libsimdcomp.so; path = ../Classes/payload_compression/simd/lib/libsimdcomp.so; sourceTree = "<group>"; };
		576C3F3F1E25B44800D03ECB /* Huffman.cpp */ = {isa = PBXFileReference; fileEncoding = 4; lastKnownFileType = sourcecode.cpp.cpp; name = Huffman.cpp; path = payload_compression/huffman/Huffman.cpp; sourceTree = "<group>"; };
		576C3F401E25B44800D03ECB /* Huffman.h */ = {isa = PBXFileReference; fileEncoding = 4; lastKnownFileType = sourcecode.c.h; name = Huffman.h; path = payload_compression/huffman/Huffman.h; sourceTree = "<group>"; };
		576C3F431E25B53900D03ECB /* sctp.c */ = {isa = PBXFileReference; fileEncoding = 4; lastKnownFileType = sourcecode.c.c; name = sctp.c; path = transport_protocols/sctp/sctp.c; sourceTree = "<group>"; };
		5775A82D1E2E97B2001C5BC7 /* SimdCompression.cpp */ = {isa = PBXFileReference; fileEncoding = 4; lastKnownFileType = sourcecode.cpp.cpp; name = SimdCompression.cpp; path = payload_compression/simd/SimdCompression.cpp; sourceTree = "<group>"; };
		5775A82E1E2E97B2001C5BC7 /* SimdCompression.hpp */ = {isa = PBXFileReference; fileEncoding = 4; lastKnownFileType = sourcecode.cpp.h; name = SimdCompression.hpp; path = payload_compression/simd/SimdCompression.hpp; sourceTree = "<group>"; };
		5775A8301E2E97D7001C5BC7 /* Lz4Compression.cpp */ = {isa = PBXFileReference; fileEncoding = 4; lastKnownFileType = sourcecode.cpp.cpp; name = Lz4Compression.cpp; path = payload_compression/lz4stream/Lz4Compression.cpp; sourceTree = "<group>"; };
		5775A8311E2E97D7001C5BC7 /* Lz4Compression.hpp */ = {isa = PBXFileReference; fileEncoding = 4; lastKnownFileType = sourcecode.cpp.h; name = Lz4Compression.hpp; path = payload_compression/lz4stream/Lz4Compression.hpp; sourceTree = "<group>"; };
		57AA275E1E21671100895B24 /* Timer.cpp */ = {isa = PBXFileReference; fileEncoding = 4; lastKnownFileType = sourcecode.cpp.cpp; name = Timer.cpp; path = utils/Timer.cpp; sourceTree = "<group>"; };
		57AA275F1E21671100895B24 /* Timer.h */ = {isa = PBXFileReference; fileEncoding = 4; lastKnownFileType = sourcecode.c.h; name = Timer.h; path = utils/Timer.h; sourceTree = "<group>"; };
		57AA27601E21671100895B24 /* Utils.cpp */ = {isa = PBXFileReference; fileEncoding = 4; lastKnownFileType = sourcecode.cpp.cpp; name = Utils.cpp; path = utils/Utils.cpp; sourceTree = "<group>"; };
		57AA27611E21671100895B24 /* Utils.h */ = {isa = PBXFileReference; fileEncoding = 4; lastKnownFileType = sourcecode.c.h; name = Utils.h; path = utils/Utils.h; sourceTree = "<group>"; };
		57AA27621E21671100895B24 /* VisibleRect.cpp */ = {isa = PBXFileReference; fileEncoding = 4; lastKnownFileType = sourcecode.cpp.cpp; name = VisibleRect.cpp; path = utils/VisibleRect.cpp; sourceTree = "<group>"; };
		57AA27631E21671100895B24 /* VisibleRect.h */ = {isa = PBXFileReference; fileEncoding = 4; lastKnownFileType = sourcecode.c.h; name = VisibleRect.h; path = utils/VisibleRect.h; sourceTree = "<group>"; };
		57AA27781E217F0300895B24 /* Settings.txt */ = {isa = PBXFileReference; fileEncoding = 4; lastKnownFileType = text; path = Settings.txt; sourceTree = "<group>"; };
		57AA28061E22A11B00895B24 /* ControlPanelScene.cpp */ = {isa = PBXFileReference; fileEncoding = 4; lastKnownFileType = sourcecode.cpp.cpp; name = ControlPanelScene.cpp; path = scenes/ControlPanelScene.cpp; sourceTree = "<group>"; };
		57AA28071E22A11B00895B24 /* ControlPanelScene.hpp */ = {isa = PBXFileReference; fileEncoding = 4; lastKnownFileType = sourcecode.cpp.h; name = ControlPanelScene.hpp; path = scenes/ControlPanelScene.hpp; sourceTree = "<group>"; };
		57AA280E1E22A96A00895B24 /* cocosui */ = {isa = PBXFileReference; lastKnownFileType = folder; path = cocosui; sourceTree = "<group>"; };
		57AA281D1E22F9AB00895B24 /* 39dll.cpp */ = {isa = PBXFileReference; fileEncoding = 4; lastKnownFileType = sourcecode.cpp.cpp; name = 39dll.cpp; path = transport_protocols/tcp/39dll.cpp; sourceTree = "<group>"; };
		57AA281E1E22F9AB00895B24 /* 39dll.h */ = {isa = PBXFileReference; fileEncoding = 4; lastKnownFileType = sourcecode.c.h; name = 39dll.h; path = transport_protocols/tcp/39dll.h; sourceTree = "<group>"; };
		57AA281F1E22F9AB00895B24 /* buffer.cpp */ = {isa = PBXFileReference; fileEncoding = 4; lastKnownFileType = sourcecode.cpp.cpp; name = buffer.cpp; path = transport_protocols/tcp/buffer.cpp; sourceTree = "<group>"; };
		57AA28201E22F9AB00895B24 /* buffer.h */ = {isa = PBXFileReference; fileEncoding = 4; lastKnownFileType = sourcecode.c.h; name = buffer.h; path = transport_protocols/tcp/buffer.h; sourceTree = "<group>"; };
		57AA28211E22F9AB00895B24 /* Common.h */ = {isa = PBXFileReference; fileEncoding = 4; lastKnownFileType = sourcecode.c.h; name = Common.h; path = transport_protocols/tcp/Common.h; sourceTree = "<group>"; };
		57AA28221E22F9AB00895B24 /* list.cpp */ = {isa = PBXFileReference; fileEncoding = 4; lastKnownFileType = sourcecode.cpp.cpp; name = list.cpp; path = transport_protocols/tcp/list.cpp; sourceTree = "<group>"; };
		57AA28231E22F9AB00895B24 /* list.h */ = {isa = PBXFileReference; fileEncoding = 4; lastKnownFileType = sourcecode.c.h; name = list.h; path = transport_protocols/tcp/list.h; sourceTree = "<group>"; };
		57AA28241E22F9AB00895B24 /* md5.cpp */ = {isa = PBXFileReference; fileEncoding = 4; lastKnownFileType = sourcecode.cpp.cpp; name = md5.cpp; path = transport_protocols/tcp/md5.cpp; sourceTree = "<group>"; };
		57AA28251E22F9AB00895B24 /* socket.cpp */ = {isa = PBXFileReference; fileEncoding = 4; lastKnownFileType = sourcecode.cpp.cpp; name = socket.cpp; path = transport_protocols/tcp/socket.cpp; sourceTree = "<group>"; };
		57AA28261E22F9AB00895B24 /* socket.h */ = {isa = PBXFileReference; fileEncoding = 4; lastKnownFileType = sourcecode.c.h; name = socket.h; path = transport_protocols/tcp/socket.h; sourceTree = "<group>"; };
		57AA28271E22F9AB00895B24 /* tools.cpp */ = {isa = PBXFileReference; fileEncoding = 4; lastKnownFileType = sourcecode.cpp.cpp; name = tools.cpp; path = transport_protocols/tcp/tools.cpp; sourceTree = "<group>"; };
		57AA28281E22F9AB00895B24 /* tools.h */ = {isa = PBXFileReference; fileEncoding = 4; lastKnownFileType = sourcecode.c.h; name = tools.h; path = transport_protocols/tcp/tools.h; sourceTree = "<group>"; };
		57C011911E242360006E6C4E /* PacketController.cpp */ = {isa = PBXFileReference; fileEncoding = 4; lastKnownFileType = sourcecode.cpp.cpp; name = PacketController.cpp; path = controllers/PacketController.cpp; sourceTree = "<group>"; };
		57C011921E242360006E6C4E /* PacketController.h */ = {isa = PBXFileReference; fileEncoding = 4; lastKnownFileType = sourcecode.c.h; name = PacketController.h; path = controllers/PacketController.h; sourceTree = "<group>"; };
		57C011941E24236F006E6C4E /* HudLayer.cpp */ = {isa = PBXFileReference; fileEncoding = 4; lastKnownFileType = sourcecode.cpp.cpp; name = HudLayer.cpp; path = layers/HudLayer.cpp; sourceTree = "<group>"; };
		57C011951E24236F006E6C4E /* HudLayer.h */ = {isa = PBXFileReference; fileEncoding = 4; lastKnownFileType = sourcecode.c.h; name = HudLayer.h; path = layers/HudLayer.h; sourceTree = "<group>"; };
		57CFFDDE1E2EB6C2005C0751 /* lz4.c */ = {isa = PBXFileReference; fileEncoding = 4; lastKnownFileType = sourcecode.c.c; name = lz4.c; path = payload_compression/lz4stream/lib/lz4.c; sourceTree = "<group>"; };
		57CFFDDF1E2EB6C2005C0751 /* lz4.h */ = {isa = PBXFileReference; fileEncoding = 4; lastKnownFileType = sourcecode.c.h; name = lz4.h; path = payload_compression/lz4stream/lib/lz4.h; sourceTree = "<group>"; };
		57CFFDE01E2EB6C2005C0751 /* lz4frame_static.h */ = {isa = PBXFileReference; fileEncoding = 4; lastKnownFileType = sourcecode.c.h; name = lz4frame_static.h; path = payload_compression/lz4stream/lib/lz4frame_static.h; sourceTree = "<group>"; };
		57CFFDE11E2EB6C2005C0751 /* lz4frame.c */ = {isa = PBXFileReference; fileEncoding = 4; lastKnownFileType = sourcecode.c.c; name = lz4frame.c; path = payload_compression/lz4stream/lib/lz4frame.c; sourceTree = "<group>"; };
		57CFFDE21E2EB6C2005C0751 /* lz4hc.c */ = {isa = PBXFileReference; fileEncoding = 4; lastKnownFileType = sourcecode.c.c; name = lz4hc.c; path = payload_compression/lz4stream/lib/lz4hc.c; sourceTree = "<group>"; };
		57CFFDE31E2EB6C2005C0751 /* lz4hc.h */ = {isa = PBXFileReference; fileEncoding = 4; lastKnownFileType = sourcecode.c.h; name = lz4hc.h; path = payload_compression/lz4stream/lib/lz4hc.h; sourceTree = "<group>"; };
		57CFFDE41E2EB6C2005C0751 /* lz4opt.h */ = {isa = PBXFileReference; fileEncoding = 4; lastKnownFileType = sourcecode.c.h; name = lz4opt.h; path = payload_compression/lz4stream/lib/lz4opt.h; sourceTree = "<group>"; };
		57CFFDE51E2EB6C2005C0751 /* xxhash.c */ = {isa = PBXFileReference; fileEncoding = 4; lastKnownFileType = sourcecode.c.c; name = xxhash.c; path = payload_compression/lz4stream/lib/xxhash.c; sourceTree = "<group>"; };
		57CFFDE61E2EB6C2005C0751 /* xxhash.h */ = {isa = PBXFileReference; fileEncoding = 4; lastKnownFileType = sourcecode.c.h; name = xxhash.h; path = payload_compression/lz4stream/lib/xxhash.h; sourceTree = "<group>"; };
		57EA9DBA1E298472006B3928 /* HuffmanCompression.cpp */ = {isa = PBXFileReference; fileEncoding = 4; lastKnownFileType = sourcecode.cpp.cpp; name = HuffmanCompression.cpp; path = payload_compression/huffman/HuffmanCompression.cpp; sourceTree = "<group>"; };
		57EA9DBB1E298473006B3928 /* HuffmanCompression.hpp */ = {isa = PBXFileReference; fileEncoding = 4; lastKnownFileType = sourcecode.cpp.h; name = HuffmanCompression.hpp; path = payload_compression/huffman/HuffmanCompression.hpp; sourceTree = "<group>"; };
		8262943D1AAF051F00CB7CF7 /* Security.framework */ = {isa = PBXFileReference; lastKnownFileType = wrapper.framework; name = Security.framework; path = System/Library/Frameworks/Security.framework; sourceTree = SDKROOT; };
		BF170DB012928DE900B8313A /* OpenGLES.framework */ = {isa = PBXFileReference; lastKnownFileType = wrapper.framework; name = OpenGLES.framework; path = System/Library/Frameworks/OpenGLES.framework; sourceTree = SDKROOT; };
		BF170DB412928DE900B8313A /* libz.dylib */ = {isa = PBXFileReference; lastKnownFileType = "compiled.mach-o.dylib"; name = libz.dylib; path = usr/lib/libz.dylib; sourceTree = SDKROOT; };
		BF1C47EA1293683800B63C5D /* QuartzCore.framework */ = {isa = PBXFileReference; lastKnownFileType = wrapper.framework; name = QuartzCore.framework; path = System/Library/Frameworks/QuartzCore.framework; sourceTree = SDKROOT; };
		D44C620B132DFF330009C878 /* OpenAL.framework */ = {isa = PBXFileReference; lastKnownFileType = wrapper.framework; name = OpenAL.framework; path = System/Library/Frameworks/OpenAL.framework; sourceTree = SDKROOT; };
		D44C620D132DFF430009C878 /* AVFoundation.framework */ = {isa = PBXFileReference; lastKnownFileType = wrapper.framework; name = AVFoundation.framework; path = System/Library/Frameworks/AVFoundation.framework; sourceTree = SDKROOT; };
		D44C620F132DFF4E0009C878 /* AudioToolbox.framework */ = {isa = PBXFileReference; lastKnownFileType = wrapper.framework; name = AudioToolbox.framework; path = System/Library/Frameworks/AudioToolbox.framework; sourceTree = SDKROOT; };
		D6B0611A1803AB670077942B /* CoreMotion.framework */ = {isa = PBXFileReference; lastKnownFileType = wrapper.framework; name = CoreMotion.framework; path = Platforms/iPhoneOS.platform/Developer/SDKs/iPhoneOS7.0.sdk/System/Library/Frameworks/CoreMotion.framework; sourceTree = DEVELOPER_DIR; };
		ED545A7B1B68A1F400C3958E /* libiconv.dylib */ = {isa = PBXFileReference; lastKnownFileType = "compiled.mach-o.dylib"; name = libiconv.dylib; path = Platforms/iPhoneOS.platform/Developer/SDKs/iPhoneOS8.4.sdk/usr/lib/libiconv.dylib; sourceTree = DEVELOPER_DIR; };
		ED545A7D1B68A1FA00C3958E /* libiconv.dylib */ = {isa = PBXFileReference; lastKnownFileType = "compiled.mach-o.dylib"; name = libiconv.dylib; path = usr/lib/libiconv.dylib; sourceTree = SDKROOT; };
/* End PBXFileReference section */

/* Begin PBXFrameworksBuildPhase section */
		1D60588F0D05DD3D006BFB54 /* Frameworks */ = {
			isa = PBXFrameworksBuildPhase;
			buildActionMask = 2147483647;
			files = (
				294D0D641D0D56D500F7F5D4 /* CoreText.framework in Frameworks */,
				ED545A7C1B68A1F400C3958E /* libiconv.dylib in Frameworks */,
				52B47A471A53D09C004E4C60 /* Security.framework in Frameworks */,
				1AC6FB30180E99EB004C840B /* libcocos2d iOS.a in Frameworks */,
				D6B0611B1803AB670077942B /* CoreMotion.framework in Frameworks */,
				1D60589F0D05DD5A006BFB54 /* Foundation.framework in Frameworks */,
				1DF5F4E00D08C38300B7A737 /* UIKit.framework in Frameworks */,
				288765A50DF7441C002DB57D /* CoreGraphics.framework in Frameworks */,
				BF171245129291EC00B8313A /* OpenGLES.framework in Frameworks */,
				BF1712471292920000B8313A /* libz.dylib in Frameworks */,
				BF1C47F01293687400B63C5D /* QuartzCore.framework in Frameworks */,
				D44C620C132DFF330009C878 /* OpenAL.framework in Frameworks */,
				D44C620E132DFF430009C878 /* AVFoundation.framework in Frameworks */,
				D44C6210132DFF4E0009C878 /* AudioToolbox.framework in Frameworks */,
			);
			runOnlyForDeploymentPostprocessing = 0;
		};
		5087E75C17EB910900C73F5D /* Frameworks */ = {
			isa = PBXFrameworksBuildPhase;
			buildActionMask = 2147483647;
			files = (
				ED545A7E1B68A1FA00C3958E /* libiconv.dylib in Frameworks */,
				1AC6FB21180E996B004C840B /* libcocos2d Mac.a in Frameworks */,
				5087E76717EB910900C73F5D /* libz.dylib in Frameworks */,
				8262943E1AAF051F00CB7CF7 /* Security.framework in Frameworks */,
				503AE11B17EB9C5A00D1A890 /* IOKit.framework in Frameworks */,
				5087E78B17EB975400C73F5D /* OpenGL.framework in Frameworks */,
				5087E78917EB974C00C73F5D /* AppKit.framework in Frameworks */,
				5087E76317EB910900C73F5D /* Foundation.framework in Frameworks */,
				5087E76817EB910900C73F5D /* QuartzCore.framework in Frameworks */,
				5087E76917EB910900C73F5D /* OpenAL.framework in Frameworks */,
				5087E76A17EB910900C73F5D /* AVFoundation.framework in Frameworks */,
				5087E76B17EB910900C73F5D /* AudioToolbox.framework in Frameworks */,
			);
			runOnlyForDeploymentPostprocessing = 0;
		};
/* End PBXFrameworksBuildPhase section */

/* Begin PBXGroup section */
		080E96DDFE201D6D7F000001 /* ios */ = {
			isa = PBXGroup;
			children = (
				5087E77117EB970100C73F5D /* Icons */,
				503AE0FA17EB989F00D1A890 /* AppController.h */,
				503AE0FB17EB989F00D1A890 /* AppController.mm */,
				503AE0FC17EB989F00D1A890 /* main.m */,
				503AE0FD17EB989F00D1A890 /* Prefix.pch */,
				503AE0FE17EB989F00D1A890 /* RootViewController.h */,
				503AE0FF17EB989F00D1A890 /* RootViewController.mm */,
			);
			name = ios;
			path = Classes;
			sourceTree = "<group>";
		};
		19C28FACFE9D520D11CA2CBB /* Products */ = {
			isa = PBXGroup;
			children = (
				1D6058910D05DD3D006BFB54 /* GameTrafficOptimization-mobile.app */,
				5087E76F17EB910900C73F5D /* GameTrafficOptimization-desktop.app */,
			);
			name = Products;
			sourceTree = "<group>";
		};
		1AC6FAE6180E9839004C840B /* Products */ = {
			isa = PBXGroup;
			children = (
				1AC6FAF9180E9839004C840B /* libcocos2d Mac.a */,
				1AC6FB07180E9839004C840B /* libcocos2d iOS.a */,
				57AA27531E2133D400895B24 /* libcocos2d tvOS.a */,
			);
			name = Products;
			sourceTree = "<group>";
		};
		29B97314FDCFA39411CA2CEA /* CustomTemplate */ = {
			isa = PBXGroup;
			children = (
				46880B8319C43A87006E1F66 /* Classes */,
				46880B7519C43A67006E1F66 /* Resources */,
				1AC6FAE5180E9839004C840B /* cocos2d_libs.xcodeproj */,
				29B97323FDCFA39411CA2CEA /* Frameworks */,
				080E96DDFE201D6D7F000001 /* ios */,
				503AE10617EB990700D1A890 /* mac */,
				19C28FACFE9D520D11CA2CBB /* Products */,
			);
			name = CustomTemplate;
			sourceTree = "<group>";
		};
		29B97323FDCFA39411CA2CEA /* Frameworks */ = {
			isa = PBXGroup;
			children = (
				576C3F361E25AF3200D03ECB /* libsimdcomp.so */,
				576C3F341E25AEC600D03ECB /* libsimdcomp.so.0.0.3 */,
				576C3F271E25A17700D03ECB /* libsimdcomp.so.0.0.3 */,
				576C3F241E259E3A00D03ECB /* libSIMDCompressionAndIntersection.a */,
				576C3F201E259AC900D03ECB /* libSIMDCompressionAndIntersection.a */,
				576C3F1E1E25977F00D03ECB /* libsimd.a */,
				576C3F061E25930400D03ECB /* bitpacking.o */,
				576C3F071E25930400D03ECB /* for.o */,
				576C3F081E25930400D03ECB /* frameofreference.o */,
				576C3F091E25930400D03ECB /* integratedbitpacking.o */,
				576C3F0A1E25930400D03ECB /* intersection.o */,
				576C3F0B1E25930400D03ECB /* simdbitpacking.o */,
				576C3F0C1E25930400D03ECB /* simdintegratedbitpacking.o */,
				576C3F0D1E25930400D03ECB /* simdpackedsearch.o */,
				576C3F0E1E25930400D03ECB /* simdpackedselect.o */,
				576C3F0F1E25930400D03ECB /* streamvbyte.o */,
				576C3F101E25930400D03ECB /* usimdbitpacking.o */,
				576C3F111E25930400D03ECB /* varintdecode.o */,
				294D0D631D0D56D500F7F5D4 /* CoreText.framework */,
				ED545A7D1B68A1FA00C3958E /* libiconv.dylib */,
				ED545A7B1B68A1F400C3958E /* libiconv.dylib */,
				8262943D1AAF051F00CB7CF7 /* Security.framework */,
				52B47A461A53D09B004E4C60 /* Security.framework */,
				D6B0611A1803AB670077942B /* CoreMotion.framework */,
				503AE11A17EB9C5A00D1A890 /* IOKit.framework */,
				503AE11117EB99EE00D1A890 /* libcurl.dylib */,
				5087E78A17EB975400C73F5D /* OpenGL.framework */,
				5087E78817EB974C00C73F5D /* AppKit.framework */,
				1ACB3243164770DE00914215 /* libcurl.a */,
				BF170DB412928DE900B8313A /* libz.dylib */,
				D44C620F132DFF4E0009C878 /* AudioToolbox.framework */,
				D44C620D132DFF430009C878 /* AVFoundation.framework */,
				288765A40DF7441C002DB57D /* CoreGraphics.framework */,
				1D30AB110D05D00D00671497 /* Foundation.framework */,
				D44C620B132DFF330009C878 /* OpenAL.framework */,
				BF170DB012928DE900B8313A /* OpenGLES.framework */,
				BF1C47EA1293683800B63C5D /* QuartzCore.framework */,
				1DF5F4DF0D08C38300B7A737 /* UIKit.framework */,
			);
			name = Frameworks;
			sourceTree = "<group>";
		};
		46880B7519C43A67006E1F66 /* Resources */ = {
			isa = PBXGroup;
			children = (
				57AA280E1E22A96A00895B24 /* cocosui */,
				521A8EA819F11F5000D177D7 /* fonts */,
				3EACC98E19EE6D4300EB3C5E /* res */,
				46880B7619C43A67006E1F66 /* CloseNormal.png */,
				46880B7719C43A67006E1F66 /* CloseSelected.png */,
				46880B7A19C43A67006E1F66 /* HelloWorld.png */,
				57AA27781E217F0300895B24 /* Settings.txt */,
			);
			name = Resources;
			path = ../Resources;
			sourceTree = "<group>";
		};
		46880B8319C43A87006E1F66 /* Classes */ = {
			isa = PBXGroup;
			children = (
				57C0118E1E24233A006E6C4E /* controllers */,
				57AA275C1E2166DB00895B24 /* scenes */,
				57AA275A1E2166B400895B24 /* header_compression */,
				57C011901E242351006E6C4E /* layers */,
				57AA275D1E2166EE00895B24 /* transport_protocols */,
				57AA275B1E2166C700895B24 /* payload_compression */,
				57AA27581E21669600895B24 /* utils */,
				46880B8419C43A87006E1F66 /* AppDelegate.cpp */,
				46880B8519C43A87006E1F66 /* AppDelegate.h */,
			);
			name = Classes;
			path = ../Classes;
			sourceTree = "<group>";
		};
		503AE0F517EB97AB00D1A890 /* Icons */ = {
			isa = PBXGroup;
			children = (
				503AE0F617EB97AB00D1A890 /* Icon.icns */,
				503AE0F717EB97AB00D1A890 /* Info.plist */,
			);
			name = Icons;
			path = mac;
			sourceTree = SOURCE_ROOT;
		};
		503AE10617EB990700D1A890 /* mac */ = {
			isa = PBXGroup;
			children = (
				503AE0F517EB97AB00D1A890 /* Icons */,
				503AE10317EB98FF00D1A890 /* main.cpp */,
				503AE10417EB98FF00D1A890 /* Prefix.pch */,
			);
			name = mac;
			sourceTree = "<group>";
		};
		5087E77117EB970100C73F5D /* Icons */ = {
			isa = PBXGroup;
			children = (
				521A8E6219F0C34300D177D7 /* Default-667h@2x.png */,
				521A8E6319F0C34300D177D7 /* Default-736h@3x.png */,
				5087E77217EB970100C73F5D /* Default-568h@2x.png */,
				5087E77317EB970100C73F5D /* Default.png */,
				5087E77417EB970100C73F5D /* Default@2x.png */,
				50EF62A017ECD613001EB2F8 /* Icon-29.png */,
				50EF62A117ECD613001EB2F8 /* Icon-50.png */,
				50EF629217ECD46A001EB2F8 /* Icon-40.png */,
				50EF629317ECD46A001EB2F8 /* Icon-58.png */,
				50EF629417ECD46A001EB2F8 /* Icon-80.png */,
				50EF629517ECD46A001EB2F8 /* Icon-100.png */,
				5087E77517EB970100C73F5D /* Icon-114.png */,
				5087E77617EB970100C73F5D /* Icon-120.png */,
				5087E77717EB970100C73F5D /* Icon-144.png */,
				5087E77817EB970100C73F5D /* Icon-152.png */,
				5087E77917EB970100C73F5D /* Icon-57.png */,
				5087E77A17EB970100C73F5D /* Icon-72.png */,
				5087E77B17EB970100C73F5D /* Icon-76.png */,
				5087E77C17EB970100C73F5D /* Info.plist */,
			);
			name = Icons;
			path = ios;
			sourceTree = SOURCE_ROOT;
		};
		570796E51E2C011A00E450FC /* lz4stream */ = {
			isa = PBXGroup;
			children = (
				5775A8301E2E97D7001C5BC7 /* Lz4Compression.cpp */,
				5775A8311E2E97D7001C5BC7 /* Lz4Compression.hpp */,
				5707970B1E2C044900E450FC /* lz4_input_stream.cpp */,
				5707970C1E2C044900E450FC /* lz4_output_stream.cpp */,
				5707970E1E2C044900E450FC /* lz4_stream.h */,
				570796F61E2C023500E450FC /* lib */,
			);
			name = lz4stream;
			sourceTree = "<group>";
		};
		570796F61E2C023500E450FC /* lib */ = {
			isa = PBXGroup;
			children = (
				57CFFDDE1E2EB6C2005C0751 /* lz4.c */,
				57CFFDDF1E2EB6C2005C0751 /* lz4.h */,
				57CFFDE01E2EB6C2005C0751 /* lz4frame_static.h */,
				57CFFDE11E2EB6C2005C0751 /* lz4frame.c */,
				57CFFDE21E2EB6C2005C0751 /* lz4hc.c */,
				57CFFDE31E2EB6C2005C0751 /* lz4hc.h */,
				57CFFDE41E2EB6C2005C0751 /* lz4opt.h */,
				57CFFDE51E2EB6C2005C0751 /* xxhash.c */,
				57CFFDE61E2EB6C2005C0751 /* xxhash.h */,
				570796FB1E2C024900E450FC /* lz4frame.h */,
			);
			name = lib;
			sourceTree = "<group>";
		};
		576C3EE01E2592CB00D03ECB /* simd */ = {
			isa = PBXGroup;
			children = (
				5775A82D1E2E97B2001C5BC7 /* SimdCompression.cpp */,
				5775A82E1E2E97B2001C5BC7 /* SimdCompression.hpp */,
			);
			name = simd;
			sourceTree = "<group>";
		};
		57AA27581E21669600895B24 /* utils */ = {
			isa = PBXGroup;
			children = (
				57AA275E1E21671100895B24 /* Timer.cpp */,
				57AA275F1E21671100895B24 /* Timer.h */,
				57AA27601E21671100895B24 /* Utils.cpp */,
				57AA27611E21671100895B24 /* Utils.h */,
				57AA27621E21671100895B24 /* VisibleRect.cpp */,
				57AA27631E21671100895B24 /* VisibleRect.h */,
			);
			name = utils;
			sourceTree = "<group>";
		};
		57AA275A1E2166B400895B24 /* header_compression */ = {
			isa = PBXGroup;
			children = (
				57AA276B1E21674200895B24 /* rohc */,
			);
			name = header_compression;
			sourceTree = "<group>";
		};
		57AA275B1E2166C700895B24 /* payload_compression */ = {
			isa = PBXGroup;
			children = (
				570796E51E2C011A00E450FC /* lz4stream */,
				576C3EE01E2592CB00D03ECB /* simd */,
				57AA276A1E21673D00895B24 /* huffman */,
			);
			name = payload_compression;
			sourceTree = "<group>";
		};
		57AA275C1E2166DB00895B24 /* scenes */ = {
			isa = PBXGroup;
			children = (
				57AA28061E22A11B00895B24 /* ControlPanelScene.cpp */,
				57AA28071E22A11B00895B24 /* ControlPanelScene.hpp */,
			);
			name = scenes;
			sourceTree = "<group>";
		};
		57AA275D1E2166EE00895B24 /* transport_protocols */ = {
			isa = PBXGroup;
			children = (
				57AA27681E21672B00895B24 /* sctp */,
				57AA27671E21672300895B24 /* tcp */,
			);
			name = transport_protocols;
			sourceTree = "<group>";
		};
		57AA27671E21672300895B24 /* tcp */ = {
			isa = PBXGroup;
			children = (
				57AA281D1E22F9AB00895B24 /* 39dll.cpp */,
				57AA281E1E22F9AB00895B24 /* 39dll.h */,
				57AA281F1E22F9AB00895B24 /* buffer.cpp */,
				57AA28201E22F9AB00895B24 /* buffer.h */,
				57AA28211E22F9AB00895B24 /* Common.h */,
				57AA28221E22F9AB00895B24 /* list.cpp */,
				57AA28231E22F9AB00895B24 /* list.h */,
				57AA28241E22F9AB00895B24 /* md5.cpp */,
				57AA28251E22F9AB00895B24 /* socket.cpp */,
				57AA28261E22F9AB00895B24 /* socket.h */,
				57AA28271E22F9AB00895B24 /* tools.cpp */,
				57AA28281E22F9AB00895B24 /* tools.h */,
			);
			name = tcp;
			sourceTree = "<group>";
		};
		57AA27681E21672B00895B24 /* sctp */ = {
			isa = PBXGroup;
			children = (
				576C3F431E25B53900D03ECB /* sctp.c */,
			);
			name = sctp;
			sourceTree = "<group>";
		};
		57AA276A1E21673D00895B24 /* huffman */ = {
			isa = PBXGroup;
			children = (
				576C3F3F1E25B44800D03ECB /* Huffman.cpp */,
				576C3F401E25B44800D03ECB /* Huffman.h */,
				57EA9DBA1E298472006B3928 /* HuffmanCompression.cpp */,
				57EA9DBB1E298473006B3928 /* HuffmanCompression.hpp */,
			);
			name = huffman;
			sourceTree = "<group>";
		};
		57AA276B1E21674200895B24 /* rohc */ = {
			isa = PBXGroup;
			children = (
				57568A701E2FD65F00B2BD4F /* RohcCompression.cpp */,
				57568A711E2FD65F00B2BD4F /* RohcCompression.hpp */,
			);
			name = rohc;
			sourceTree = "<group>";
		};
		57C0118E1E24233A006E6C4E /* controllers */ = {
			isa = PBXGroup;
			children = (
				57C011911E242360006E6C4E /* PacketController.cpp */,
				57C011921E242360006E6C4E /* PacketController.h */,
			);
			name = controllers;
			sourceTree = "<group>";
		};
		57C011901E242351006E6C4E /* layers */ = {
			isa = PBXGroup;
			children = (
				57C011941E24236F006E6C4E /* HudLayer.cpp */,
				57C011951E24236F006E6C4E /* HudLayer.h */,
			);
			name = layers;
			sourceTree = "<group>";
		};
/* End PBXGroup section */

/* Begin PBXNativeTarget section */
		1D6058900D05DD3D006BFB54 /* GameTrafficOptimization-mobile */ = {
			isa = PBXNativeTarget;
			buildConfigurationList = 1D6058960D05DD3E006BFB54 /* Build configuration list for PBXNativeTarget "GameTrafficOptimization-mobile" */;
			buildPhases = (
				1D60588D0D05DD3D006BFB54 /* Resources */,
				1D60588E0D05DD3D006BFB54 /* Sources */,
				1D60588F0D05DD3D006BFB54 /* Frameworks */,
			);
			buildRules = (
			);
			dependencies = (
				1AC6FB25180E99E1004C840B /* PBXTargetDependency */,
			);
			name = "GameTrafficOptimization-mobile";
			productName = iphone;
			productReference = 1D6058910D05DD3D006BFB54 /* GameTrafficOptimization-mobile.app */;
			productType = "com.apple.product-type.application";
		};
		5087E73D17EB910900C73F5D /* GameTrafficOptimization-desktop */ = {
			isa = PBXNativeTarget;
			buildConfigurationList = 5087E76C17EB910900C73F5D /* Build configuration list for PBXNativeTarget "GameTrafficOptimization-desktop" */;
			buildPhases = (
				5087E74817EB910900C73F5D /* Resources */,
				5087E75617EB910900C73F5D /* Sources */,
				5087E75C17EB910900C73F5D /* Frameworks */,
			);
			buildRules = (
			);
			dependencies = (
				1AC6FB16180E9959004C840B /* PBXTargetDependency */,
			);
			name = "GameTrafficOptimization-desktop";
			productName = iphone;
			productReference = 5087E76F17EB910900C73F5D /* GameTrafficOptimization-desktop.app */;
			productType = "com.apple.product-type.application";
		};
/* End PBXNativeTarget section */

/* Begin PBXProject section */
		29B97313FDCFA39411CA2CEA /* Project object */ = {
			isa = PBXProject;
			attributes = {
				LastUpgradeCheck = 0820;
				TargetAttributes = {
					1D6058900D05DD3D006BFB54 = {
						DevelopmentTeam = Z2TUYEY23U;
					};
					5087E73D17EB910900C73F5D = {
						DevelopmentTeam = Z2TUYEY23U;
						ProvisioningStyle = Automatic;
					};
				};
			};
			buildConfigurationList = C01FCF4E08A954540054247B /* Build configuration list for PBXProject "GameTrafficOptimization" */;
			compatibilityVersion = "Xcode 3.2";
			developmentRegion = English;
			hasScannedForEncodings = 1;
			knownRegions = (
				English,
				Japanese,
				French,
				German,
			);
			mainGroup = 29B97314FDCFA39411CA2CEA /* CustomTemplate */;
			projectDirPath = "";
			projectReferences = (
				{
					ProductGroup = 1AC6FAE6180E9839004C840B /* Products */;
					ProjectRef = 1AC6FAE5180E9839004C840B /* cocos2d_libs.xcodeproj */;
				},
			);
			projectRoot = "";
			targets = (
				1D6058900D05DD3D006BFB54 /* GameTrafficOptimization-mobile */,
				5087E73D17EB910900C73F5D /* GameTrafficOptimization-desktop */,
			);
		};
/* End PBXProject section */

/* Begin PBXReferenceProxy section */
		1AC6FAF9180E9839004C840B /* libcocos2d Mac.a */ = {
			isa = PBXReferenceProxy;
			fileType = archive.ar;
			path = "libcocos2d Mac.a";
			remoteRef = 1AC6FAF8180E9839004C840B /* PBXContainerItemProxy */;
			sourceTree = BUILT_PRODUCTS_DIR;
		};
		1AC6FB07180E9839004C840B /* libcocos2d iOS.a */ = {
			isa = PBXReferenceProxy;
			fileType = archive.ar;
			path = "libcocos2d iOS.a";
			remoteRef = 1AC6FB06180E9839004C840B /* PBXContainerItemProxy */;
			sourceTree = BUILT_PRODUCTS_DIR;
		};
		57AA27531E2133D400895B24 /* libcocos2d tvOS.a */ = {
			isa = PBXReferenceProxy;
			fileType = archive.ar;
			path = "libcocos2d tvOS.a";
			remoteRef = 57AA27521E2133D400895B24 /* PBXContainerItemProxy */;
			sourceTree = BUILT_PRODUCTS_DIR;
		};
/* End PBXReferenceProxy section */

/* Begin PBXResourcesBuildPhase section */
		1D60588D0D05DD3D006BFB54 /* Resources */ = {
			isa = PBXResourcesBuildPhase;
			buildActionMask = 2147483647;
			files = (
				5087E78117EB970100C73F5D /* Icon-120.png in Resources */,
				5087E78617EB970100C73F5D /* Icon-76.png in Resources */,
				5087E77F17EB970100C73F5D /* Default@2x.png in Resources */,
				50EF629917ECD46A001EB2F8 /* Icon-100.png in Resources */,
				5087E78317EB970100C73F5D /* Icon-152.png in Resources */,
				46880B8119C43A67006E1F66 /* HelloWorld.png in Resources */,
				57AA280F1E22A96A00895B24 /* cocosui in Resources */,
				46880B7D19C43A67006E1F66 /* CloseSelected.png in Resources */,
				5087E77D17EB970100C73F5D /* Default-568h@2x.png in Resources */,
				5087E78517EB970100C73F5D /* Icon-72.png in Resources */,
				521A8E6519F0C34300D177D7 /* Default-736h@3x.png in Resources */,
				521A8EA919F11F5000D177D7 /* fonts in Resources */,
				50EF62A317ECD613001EB2F8 /* Icon-50.png in Resources */,
				5087E78017EB970100C73F5D /* Icon-114.png in Resources */,
				50EF62A217ECD613001EB2F8 /* Icon-29.png in Resources */,
				50EF629617ECD46A001EB2F8 /* Icon-40.png in Resources */,
				5087E78217EB970100C73F5D /* Icon-144.png in Resources */,
				3EACC98F19EE6D4300EB3C5E /* res in Resources */,
				50EF629817ECD46A001EB2F8 /* Icon-80.png in Resources */,
				5087E78417EB970100C73F5D /* Icon-57.png in Resources */,
				57AA27791E217F0300895B24 /* Settings.txt in Resources */,
				5087E77E17EB970100C73F5D /* Default.png in Resources */,
				521A8E6419F0C34300D177D7 /* Default-667h@2x.png in Resources */,
				46880B7B19C43A67006E1F66 /* CloseNormal.png in Resources */,
				50EF629717ECD46A001EB2F8 /* Icon-58.png in Resources */,
			);
			runOnlyForDeploymentPostprocessing = 0;
		};
		5087E74817EB910900C73F5D /* Resources */ = {
			isa = PBXResourcesBuildPhase;
			buildActionMask = 2147483647;
			files = (
				46880B8219C43A67006E1F66 /* HelloWorld.png in Resources */,
				503AE0F817EB97AB00D1A890 /* Icon.icns in Resources */,
				3EACC99019EE6D4300EB3C5E /* res in Resources */,
				521A8EAA19F11F5000D177D7 /* fonts in Resources */,
				57AA28101E22A96A00895B24 /* cocosui in Resources */,
				57AA277A1E217F0300895B24 /* Settings.txt in Resources */,
				46880B7C19C43A67006E1F66 /* CloseNormal.png in Resources */,
				46880B7E19C43A67006E1F66 /* CloseSelected.png in Resources */,
			);
			runOnlyForDeploymentPostprocessing = 0;
		};
/* End PBXResourcesBuildPhase section */

/* Begin PBXSourcesBuildPhase section */
		1D60588E0D05DD3D006BFB54 /* Sources */ = {
			isa = PBXSourcesBuildPhase;
			buildActionMask = 2147483647;
			files = (
				5775A8351E2E9A5C001C5BC7 /* lz4_input_stream.cpp in Sources */,
				5775A8361E2E9A5C001C5BC7 /* lz4_output_stream.cpp in Sources */,
				46880B8819C43A87006E1F66 /* AppDelegate.cpp in Sources */,
				57AA282D1E22F9AB00895B24 /* socket.cpp in Sources */,
				57AA27651E21671100895B24 /* Utils.cpp in Sources */,
				503AE10017EB989F00D1A890 /* AppController.mm in Sources */,
				57C011931E242360006E6C4E /* PacketController.cpp in Sources */,
				57AA27661E21671100895B24 /* VisibleRect.cpp in Sources */,
				57AA28291E22F9AB00895B24 /* 39dll.cpp in Sources */,
				57CFFDE71E2EB6C2005C0751 /* lz4.c in Sources */,
				5775A8321E2E97D7001C5BC7 /* Lz4Compression.cpp in Sources */,
				57AA28081E22A11B00895B24 /* ControlPanelScene.cpp in Sources */,
				57EA9DBC1E298473006B3928 /* HuffmanCompression.cpp in Sources */,
				57AA282B1E22F9AB00895B24 /* list.cpp in Sources */,
				57CFFDE91E2EB6C2005C0751 /* lz4hc.c in Sources */,
				576C3F441E25B53900D03ECB /* sctp.c in Sources */,
				57CFFDE81E2EB6C2005C0751 /* lz4frame.c in Sources */,
				57C011961E24236F006E6C4E /* HudLayer.cpp in Sources */,
				57AA27641E21671100895B24 /* Timer.cpp in Sources */,
				576C3F411E25B44800D03ECB /* Huffman.cpp in Sources */,
				57AA282E1E22F9AB00895B24 /* tools.cpp in Sources */,
				57AA282A1E22F9AB00895B24 /* buffer.cpp in Sources */,
				57568A721E2FD65F00B2BD4F /* RohcCompression.cpp in Sources */,
				503AE10217EB989F00D1A890 /* RootViewController.mm in Sources */,
				57AA282C1E22F9AB00895B24 /* md5.cpp in Sources */,
				57CFFDEA1E2EB6C2005C0751 /* xxhash.c in Sources */,
				503AE10117EB989F00D1A890 /* main.m in Sources */,
				5775A82F1E2E97B2001C5BC7 /* SimdCompression.cpp in Sources */,
			);
			runOnlyForDeploymentPostprocessing = 0;
		};
		5087E75617EB910900C73F5D /* Sources */ = {
			isa = PBXSourcesBuildPhase;
			buildActionMask = 2147483647;
			files = (
				57568A741E2FDEBF00B2BD4F /* RohcCompression.cpp in Sources */,
				57CFFDEC1E2EB6D9005C0751 /* lz4.c in Sources */,
				57CFFDED1E2EB6D9005C0751 /* lz4frame.c in Sources */,
				57CFFDEE1E2EB6D9005C0751 /* lz4hc.c in Sources */,
				57CFFDEF1E2EB6D9005C0751 /* xxhash.c in Sources */,
				5775A8331E2E998F001C5BC7 /* Lz4Compression.cpp in Sources */,
				5775A8341E2E998F001C5BC7 /* SimdCompression.cpp in Sources */,
				576C3F451E25B57800D03ECB /* sctp.c in Sources */,
				576C3F421E25B46800D03ECB /* Huffman.cpp in Sources */,
				570797141E2C044900E450FC /* lz4_input_stream.cpp in Sources */,
				57C011981E2427EC006E6C4E /* 39dll.cpp in Sources */,
				57EA9DBD1E298473006B3928 /* HuffmanCompression.cpp in Sources */,
				57C011991E2427EC006E6C4E /* buffer.cpp in Sources */,
				57C0119A1E2427EC006E6C4E /* list.cpp in Sources */,
				57C0119B1E2427EC006E6C4E /* md5.cpp in Sources */,
				57C0119C1E2427EC006E6C4E /* socket.cpp in Sources */,
				57C0119D1E2427EC006E6C4E /* tools.cpp in Sources */,
				57C011971E2427C2006E6C4E /* PacketController.cpp in Sources */,
				57AA28091E22A11B00895B24 /* ControlPanelScene.cpp in Sources */,
				57AA276C1E21690A00895B24 /* Timer.cpp in Sources */,
				57AA276E1E21690A00895B24 /* Utils.cpp in Sources */,
				57AA27701E21690A00895B24 /* VisibleRect.cpp in Sources */,
				46880B8919C43A87006E1F66 /* AppDelegate.cpp in Sources */,
				503AE10517EB98FF00D1A890 /* main.cpp in Sources */,
				570797161E2C044900E450FC /* lz4_output_stream.cpp in Sources */,
			);
			runOnlyForDeploymentPostprocessing = 0;
		};
/* End PBXSourcesBuildPhase section */

/* Begin PBXTargetDependency section */
		1AC6FB16180E9959004C840B /* PBXTargetDependency */ = {
			isa = PBXTargetDependency;
			name = "cocos2dx Mac";
			targetProxy = 1AC6FB15180E9959004C840B /* PBXContainerItemProxy */;
		};
		1AC6FB25180E99E1004C840B /* PBXTargetDependency */ = {
			isa = PBXTargetDependency;
			name = "cocos2dx iOS";
			targetProxy = 1AC6FB24180E99E1004C840B /* PBXContainerItemProxy */;
		};
/* End PBXTargetDependency section */

/* Begin XCBuildConfiguration section */
		1D6058940D05DD3E006BFB54 /* Debug */ = {
			isa = XCBuildConfiguration;
			buildSettings = {
				ALWAYS_SEARCH_USER_PATHS = YES;
				CLANG_CXX_LANGUAGE_STANDARD = "c++0x";
				CLANG_CXX_LIBRARY = "libc++";
				CODE_SIGN_IDENTITY = "iPhone Developer";
				COMPRESS_PNG_FILES = NO;
				DEVELOPMENT_TEAM = Z2TUYEY23U;
				ENABLE_BITCODE = NO;
				GCC_DYNAMIC_NO_PIC = NO;
				GCC_INLINES_ARE_PRIVATE_EXTERN = NO;
				GCC_PRECOMPILE_PREFIX_HEADER = YES;
				GCC_PREFIX_HEADER = ios/Prefix.pch;
				GCC_PREPROCESSOR_DEFINITIONS = (
					USE_FILE32API,
					"COCOS2D_DEBUG=1",
					"CC_ENABLE_CHIPMUNK_INTEGRATION=1",
				);
				GCC_SYMBOLS_PRIVATE_EXTERN = NO;
				HEADER_SEARCH_PATHS = "$(inherited)";
				INFOPLIST_FILE = ios/Info.plist;
				IPHONEOS_DEPLOYMENT_TARGET = 8.0;
				LIBRARY_SEARCH_PATHS = "$(SRCROOT)/../libs/rohc/armv7/lib";
				ONLY_ACTIVE_ARCH = NO;
				OTHER_CFLAGS = "-I/usr/local/include";
				OTHER_LDFLAGS = (
					"$(_COCOS_LIB_IOS_BEGIN)",
					"$(_COCOS_LIB_IOS_END)",
					"-lrohc",
				);
				PRODUCT_BUNDLE_IDENTIFIER = com.CrookedBard.GameTrafficOptimization;
				SDKROOT = iphoneos;
				STRIP_PNG_TEXT = NO;
				TARGETED_DEVICE_FAMILY = "1,2";
				USER_HEADER_SEARCH_PATHS = "$(_COCOS_HEADER_IOS_BEGIN) $(_COCOS_HEADER_IOS_END)";
				VALID_ARCHS = "armv7 armv7s";
			};
			name = Debug;
		};
		1D6058950D05DD3E006BFB54 /* Release */ = {
			isa = XCBuildConfiguration;
			buildSettings = {
				ALWAYS_SEARCH_USER_PATHS = YES;
				CLANG_CXX_LANGUAGE_STANDARD = "c++0x";
				CLANG_CXX_LIBRARY = "libc++";
				CODE_SIGN_IDENTITY = "iPhone Developer";
				COMPRESS_PNG_FILES = NO;
				DEVELOPMENT_TEAM = Z2TUYEY23U;
				ENABLE_BITCODE = NO;
				GCC_INLINES_ARE_PRIVATE_EXTERN = NO;
				GCC_PRECOMPILE_PREFIX_HEADER = YES;
				GCC_PREFIX_HEADER = ios/Prefix.pch;
				GCC_PREPROCESSOR_DEFINITIONS = (
					USE_FILE32API,
					"CC_ENABLE_CHIPMUNK_INTEGRATION=1",
				);
				GCC_SYMBOLS_PRIVATE_EXTERN = NO;
				HEADER_SEARCH_PATHS = "$(inherited)";
				"HEADER_SEARCH_PATHS[arch=*]" = "$(inherited)";
				INFOPLIST_FILE = ios/Info.plist;
				IPHONEOS_DEPLOYMENT_TARGET = 8.0;
				LIBRARY_SEARCH_PATHS = "$(SRCROOT)/../libs/rohc/armv7/lib";
				ONLY_ACTIVE_ARCH = NO;
				OTHER_LDFLAGS = (
					"$(_COCOS_LIB_IOS_BEGIN)",
					"$(_COCOS_LIB_IOS_END)",
					"-lrohc",
				);
				PRODUCT_BUNDLE_IDENTIFIER = com.CrookedBard.GameTrafficOptimization;
				SDKROOT = iphoneos;
				STRIP_PNG_TEXT = NO;
				TARGETED_DEVICE_FAMILY = "1,2";
				USER_HEADER_SEARCH_PATHS = "$(_COCOS_HEADER_IOS_BEGIN) $(_COCOS_HEADER_IOS_END)";
				VALID_ARCHS = "armv7 armv7s";
			};
			name = Release;
		};
		5087E76D17EB910900C73F5D /* Debug */ = {
			isa = XCBuildConfiguration;
			buildSettings = {
				ALWAYS_SEARCH_USER_PATHS = YES;
				ARCHS = "$(ARCHS_STANDARD)";
				CLANG_CXX_LANGUAGE_STANDARD = "c++0x";
				CLANG_CXX_LIBRARY = "libc++";
				CODE_SIGN_IDENTITY = "Mac Developer";
				DEVELOPMENT_TEAM = Z2TUYEY23U;
				ENABLE_ON_DEMAND_RESOURCES = NO;
				GCC_DYNAMIC_NO_PIC = NO;
				GCC_INLINES_ARE_PRIVATE_EXTERN = NO;
				GCC_PRECOMPILE_PREFIX_HEADER = YES;
				GCC_PREFIX_HEADER = mac/Prefix.pch;
				GCC_PREPROCESSOR_DEFINITIONS = (
					USE_FILE32API,
					"COCOS2D_DEBUG=1",
					"CC_ENABLE_CHIPMUNK_INTEGRATION=1",
				);
				GCC_SYMBOLS_PRIVATE_EXTERN = NO;
				HEADER_SEARCH_PATHS = (
					"$(inherited)",
					"$(SRCROOT)/../cocos2d/external/glfw3/include/mac",
				);
				INFOPLIST_FILE = mac/Info.plist;
				LIBRARY_SEARCH_PATHS = /usr/local/lib;
				ONLY_ACTIVE_ARCH = YES;
				OTHER_LDFLAGS = (
					"$(_COCOS_LIB_MAC_BEGIN)",
					"$(_COCOS_LIB_MAC_END)",
					"-lrohc",
				);
				PRODUCT_BUNDLE_IDENTIFIER = com.CrookedBard.GameTrafficOptimization;
				SUPPORTED_PLATFORMS = macosx;
				USER_HEADER_SEARCH_PATHS = "$(_COCOS_HEADER_MAC_BEGIN) $(_COCOS_HEADER_MAC_END)";
				VALID_ARCHS = "i386 x86_64";
			};
			name = Debug;
		};
		5087E76E17EB910900C73F5D /* Release */ = {
			isa = XCBuildConfiguration;
			buildSettings = {
				ALWAYS_SEARCH_USER_PATHS = YES;
				ARCHS = "$(ARCHS_STANDARD)";
				CLANG_CXX_LANGUAGE_STANDARD = "c++0x";
				CLANG_CXX_LIBRARY = "libc++";
				CODE_SIGN_IDENTITY = "Mac Developer";
				DEVELOPMENT_TEAM = Z2TUYEY23U;
				ENABLE_ON_DEMAND_RESOURCES = NO;
				GCC_INLINES_ARE_PRIVATE_EXTERN = NO;
				GCC_PRECOMPILE_PREFIX_HEADER = YES;
				GCC_PREFIX_HEADER = mac/Prefix.pch;
				GCC_PREPROCESSOR_DEFINITIONS = (
					USE_FILE32API,
					"CC_ENABLE_CHIPMUNK_INTEGRATION=1",
				);
				GCC_SYMBOLS_PRIVATE_EXTERN = NO;
				HEADER_SEARCH_PATHS = (
					"$(inherited)",
					"$(SRCROOT)/../cocos2d/external/glfw3/include/mac",
				);
				INFOPLIST_FILE = mac/Info.plist;
				LIBRARY_SEARCH_PATHS = /usr/local/lib;
				ONLY_ACTIVE_ARCH = NO;
				OTHER_LDFLAGS = (
					"$(_COCOS_LIB_MAC_BEGIN)",
					"$(_COCOS_LIB_MAC_END)",
					"-lrohc",
				);
				PRODUCT_BUNDLE_IDENTIFIER = com.CrookedBard.GameTrafficOptimization;
				SUPPORTED_PLATFORMS = macosx;
				USER_HEADER_SEARCH_PATHS = "$(_COCOS_HEADER_MAC_BEGIN) $(_COCOS_HEADER_MAC_END)";
				VALID_ARCHS = "i386 x86_64";
			};
			name = Release;
		};
		C01FCF4F08A954540054247B /* Debug */ = {
			isa = XCBuildConfiguration;
			buildSettings = {
				CLANG_ANALYZER_LOCALIZABILITY_NONLOCALIZED = YES;
				CLANG_CXX_LANGUAGE_STANDARD = "c++0x";
				CLANG_CXX_LIBRARY = "libc++";
				CLANG_WARN_BOOL_CONVERSION = YES;
				CLANG_WARN_CONSTANT_CONVERSION = YES;
				CLANG_WARN_EMPTY_BODY = YES;
				CLANG_WARN_ENUM_CONVERSION = YES;
				CLANG_WARN_INFINITE_RECURSION = YES;
				CLANG_WARN_INT_CONVERSION = YES;
				CLANG_WARN_SUSPICIOUS_MOVE = YES;
				CLANG_WARN_UNREACHABLE_CODE = YES;
				CLANG_WARN__DUPLICATE_METHOD_MATCH = YES;
				COPY_PHASE_STRIP = NO;
				ENABLE_STRICT_OBJC_MSGSEND = YES;
				ENABLE_TESTABILITY = YES;
				FRAMEWORK_SEARCH_PATHS = "";
				GCC_NO_COMMON_BLOCKS = YES;
				GCC_OPTIMIZATION_LEVEL = 0;
				GCC_WARN_64_TO_32_BIT_CONVERSION = YES;
				GCC_WARN_ABOUT_RETURN_TYPE = YES;
				GCC_WARN_UNDECLARED_SELECTOR = YES;
				GCC_WARN_UNINITIALIZED_AUTOS = YES;
				GCC_WARN_UNUSED_FUNCTION = YES;
				GCC_WARN_UNUSED_VARIABLE = YES;
				HEADER_SEARCH_PATHS = (
					"$(SRCROOT)/../cocos2d",
					"$(SRCROOT)/../cocos2d/cocos/audio/include",
					"$(SRCROOT)/../cocos2d/cocos",
					"$(SRCROOT)/../cocos2d/extensions",
					"$(SRCROOT)/../cocos2d/external",
					"$(SRCROOT)/../cocos2d/external/chipmunk/include/chipmunk",
					"$(SRCROOT)/../cocos2d/cocos/ui",
				);
				IPHONEOS_DEPLOYMENT_TARGET = 8.0;
				LIBRARY_SEARCH_PATHS = /usr/local/lib;
				MACOSX_DEPLOYMENT_TARGET = 10.7;
				ONLY_ACTIVE_ARCH = YES;
				OTHER_CFLAGS = "-I/usr/local/include";
				OTHER_LDFLAGS = (
					"-lrohc",
					"-llz4",
				);
				PRODUCT_NAME = "$(TARGET_NAME)";
				SDKROOT = macosx;
			};
			name = Debug;
		};
		C01FCF5008A954540054247B /* Release */ = {
			isa = XCBuildConfiguration;
			buildSettings = {
				CLANG_ANALYZER_LOCALIZABILITY_NONLOCALIZED = YES;
				CLANG_CXX_LANGUAGE_STANDARD = "c++0x";
				CLANG_CXX_LIBRARY = "libc++";
				CLANG_WARN_BOOL_CONVERSION = YES;
				CLANG_WARN_CONSTANT_CONVERSION = YES;
				CLANG_WARN_EMPTY_BODY = YES;
				CLANG_WARN_ENUM_CONVERSION = YES;
				CLANG_WARN_INFINITE_RECURSION = YES;
				CLANG_WARN_INT_CONVERSION = YES;
				CLANG_WARN_SUSPICIOUS_MOVE = YES;
				CLANG_WARN_UNREACHABLE_CODE = YES;
				CLANG_WARN__DUPLICATE_METHOD_MATCH = YES;
				ENABLE_STRICT_OBJC_MSGSEND = YES;
				FRAMEWORK_SEARCH_PATHS = "";
				GCC_NO_COMMON_BLOCKS = YES;
				GCC_WARN_64_TO_32_BIT_CONVERSION = YES;
				GCC_WARN_ABOUT_RETURN_TYPE = YES;
				GCC_WARN_UNDECLARED_SELECTOR = YES;
				GCC_WARN_UNINITIALIZED_AUTOS = YES;
				GCC_WARN_UNUSED_FUNCTION = YES;
				GCC_WARN_UNUSED_VARIABLE = YES;
				HEADER_SEARCH_PATHS = (
					"$(SRCROOT)/../cocos2d",
					"$(SRCROOT)/../cocos2d/cocos/audio/include",
					"$(SRCROOT)/../cocos2d/cocos",
					"$(SRCROOT)/../cocos2d/extensions",
					"$(SRCROOT)/../cocos2d/external",
					"$(SRCROOT)/../cocos2d/external/chipmunk/include/chipmunk",
					"$(SRCROOT)/../cocos2d/cocos/ui",
				);
				IPHONEOS_DEPLOYMENT_TARGET = 8.0;
				LIBRARY_SEARCH_PATHS = /usr/local/lib;
				MACOSX_DEPLOYMENT_TARGET = 10.7;
				OTHER_CFLAGS = (
					"-DNS_BLOCK_ASSERTIONS=1",
					"-I/usr/local/include",
				);
				OTHER_LDFLAGS = (
					"-lrohc",
					"-llz4",
				);
				PRODUCT_NAME = "$(TARGET_NAME)";
				SDKROOT = macosx;
				VALIDATE_PRODUCT = YES;
			};
			name = Release;
		};
/* End XCBuildConfiguration section */

/* Begin XCConfigurationList section */
		1D6058960D05DD3E006BFB54 /* Build configuration list for PBXNativeTarget "GameTrafficOptimization-mobile" */ = {
			isa = XCConfigurationList;
			buildConfigurations = (
				1D6058940D05DD3E006BFB54 /* Debug */,
				1D6058950D05DD3E006BFB54 /* Release */,
			);
			defaultConfigurationIsVisible = 0;
			defaultConfigurationName = Debug;
		};
		5087E76C17EB910900C73F5D /* Build configuration list for PBXNativeTarget "GameTrafficOptimization-desktop" */ = {
			isa = XCConfigurationList;
			buildConfigurations = (
				5087E76D17EB910900C73F5D /* Debug */,
				5087E76E17EB910900C73F5D /* Release */,
			);
			defaultConfigurationIsVisible = 0;
			defaultConfigurationName = Debug;
		};
		C01FCF4E08A954540054247B /* Build configuration list for PBXProject "GameTrafficOptimization" */ = {
			isa = XCConfigurationList;
			buildConfigurations = (
				C01FCF4F08A954540054247B /* Debug */,
				C01FCF5008A954540054247B /* Release */,
			);
			defaultConfigurationIsVisible = 0;
			defaultConfigurationName = Debug;
		};
/* End XCConfigurationList section */
	};
	rootObject = 29B97313FDCFA39411CA2CEA /* Project object */;
}
